// !$*UTF8*$!
{
	archiveVersion = 1;
	classes = {
	};
	objectVersion = 55;
	objects = {

/* Begin PBXBuildFile section */
		62FA39C8FAC67622EBADC928 /* Pods_VIPPatternTests.framework in Frameworks */ = {isa = PBXBuildFile; fileRef = 317D978E100A2927AAF1F0E7 /* Pods_VIPPatternTests.framework */; };
		8C6BDC33283CE71F00A96ED4 /* AppDelegate.swift in Sources */ = {isa = PBXBuildFile; fileRef = 8C6BDC32283CE71F00A96ED4 /* AppDelegate.swift */; };
		8C6BDC35283CE71F00A96ED4 /* SceneDelegate.swift in Sources */ = {isa = PBXBuildFile; fileRef = 8C6BDC34283CE71F00A96ED4 /* SceneDelegate.swift */; };
		8C6BDC3C283CE72100A96ED4 /* Assets.xcassets in Resources */ = {isa = PBXBuildFile; fileRef = 8C6BDC3B283CE72100A96ED4 /* Assets.xcassets */; };
		8C6BDC3F283CE72100A96ED4 /* LaunchScreen.storyboard in Resources */ = {isa = PBXBuildFile; fileRef = 8C6BDC3D283CE72100A96ED4 /* LaunchScreen.storyboard */; };
		8C6BDC4A283CE72100A96ED4 /* VIPPatternTests.swift in Sources */ = {isa = PBXBuildFile; fileRef = 8C6BDC49283CE72100A96ED4 /* VIPPatternTests.swift */; };
		8C6BDC54283CE72100A96ED4 /* VIPPatternUITests.swift in Sources */ = {isa = PBXBuildFile; fileRef = 8C6BDC53283CE72100A96ED4 /* VIPPatternUITests.swift */; };
		8C6BDC56283CE72100A96ED4 /* VIPPatternUITestsLaunchTests.swift in Sources */ = {isa = PBXBuildFile; fileRef = 8C6BDC55283CE72100A96ED4 /* VIPPatternUITestsLaunchTests.swift */; };
		8C6BDC68283CE99100A96ED4 /* AppFlowCoordinator.swift in Sources */ = {isa = PBXBuildFile; fileRef = 8C6BDC67283CE99100A96ED4 /* AppFlowCoordinator.swift */; };
		8C6BDC6A283CEB1400A96ED4 /* FlowCoordinator.swift in Sources */ = {isa = PBXBuildFile; fileRef = 8C6BDC69283CEB1400A96ED4 /* FlowCoordinator.swift */; };
		8C6BDC6C283CEDB100A96ED4 /* MainFlowCoordinator.swift in Sources */ = {isa = PBXBuildFile; fileRef = 8C6BDC6B283CEDB100A96ED4 /* MainFlowCoordinator.swift */; };
		8C6BDC6F283CF23600A96ED4 /* LoginConfigurator.swift in Sources */ = {isa = PBXBuildFile; fileRef = 8C6BDC6E283CF23600A96ED4 /* LoginConfigurator.swift */; };
		8C6BDC71283CF24000A96ED4 /* LoginInteractor.swift in Sources */ = {isa = PBXBuildFile; fileRef = 8C6BDC70283CF24000A96ED4 /* LoginInteractor.swift */; };
		8C6BDC73283CF24A00A96ED4 /* LoginPresenter.swift in Sources */ = {isa = PBXBuildFile; fileRef = 8C6BDC72283CF24A00A96ED4 /* LoginPresenter.swift */; };
		8C6BDC75283CF25000A96ED4 /* LoginRouter.swift in Sources */ = {isa = PBXBuildFile; fileRef = 8C6BDC74283CF25000A96ED4 /* LoginRouter.swift */; };
		8C6BDC77283CF26A00A96ED4 /* LoginView.swift in Sources */ = {isa = PBXBuildFile; fileRef = 8C6BDC76283CF26A00A96ED4 /* LoginView.swift */; };
		8C6BDC79283CF27400A96ED4 /* LoginViewController.swift in Sources */ = {isa = PBXBuildFile; fileRef = 8C6BDC78283CF27400A96ED4 /* LoginViewController.swift */; };
		8C6BDC7B283D2F3100A96ED4 /* Dependencies.swift in Sources */ = {isa = PBXBuildFile; fileRef = 8C6BDC7A283D2F3100A96ED4 /* Dependencies.swift */; };
		8C6BDC7D283D31B600A96ED4 /* KeychainService.swift in Sources */ = {isa = PBXBuildFile; fileRef = 8C6BDC7C283D31B600A96ED4 /* KeychainService.swift */; };
		8C6BDC7F283D34B500A96ED4 /* LoginFlowCoordinator.swift in Sources */ = {isa = PBXBuildFile; fileRef = 8C6BDC7E283D34B500A96ED4 /* LoginFlowCoordinator.swift */; };
		8C6BDC89283D53C200A96ED4 /* RegistrationFlowCoordinator.swift in Sources */ = {isa = PBXBuildFile; fileRef = 8C6BDC85283D3C1C00A96ED4 /* RegistrationFlowCoordinator.swift */; };
		8C6BDC8A283D53C700A96ED4 /* RegistrationConfigurator.swift in Sources */ = {isa = PBXBuildFile; fileRef = 8C6BDC88283D3C1C00A96ED4 /* RegistrationConfigurator.swift */; };
		8C6BDC8B283D53CA00A96ED4 /* RegistrationInteractor.swift in Sources */ = {isa = PBXBuildFile; fileRef = 8C6BDC87283D3C1C00A96ED4 /* RegistrationInteractor.swift */; };
		8C6BDC8C283D53CC00A96ED4 /* RegistrationPresenter.swift in Sources */ = {isa = PBXBuildFile; fileRef = 8C6BDC83283D3C1C00A96ED4 /* RegistrationPresenter.swift */; };
		8C6BDC8D283D53D000A96ED4 /* RegistrationRouter.swift in Sources */ = {isa = PBXBuildFile; fileRef = 8C6BDC84283D3C1C00A96ED4 /* RegistrationRouter.swift */; };
		8C6BDC8E283D53D200A96ED4 /* RegistrationView.swift in Sources */ = {isa = PBXBuildFile; fileRef = 8C6BDC82283D3C1C00A96ED4 /* RegistrationView.swift */; };
		8C6BDC8F283D53D500A96ED4 /* RegistrationViewController.swift in Sources */ = {isa = PBXBuildFile; fileRef = 8C6BDC86283D3C1C00A96ED4 /* RegistrationViewController.swift */; };
		8C6BDD54283DF9E700A96ED4 /* TabBarRouter.swift in Sources */ = {isa = PBXBuildFile; fileRef = 8C6BDD4D283DF9E700A96ED4 /* TabBarRouter.swift */; };
		8C6BDD55283DF9E700A96ED4 /* TabBarViewController.swift in Sources */ = {isa = PBXBuildFile; fileRef = 8C6BDD4E283DF9E700A96ED4 /* TabBarViewController.swift */; };
		8C6BDD58283DF9E700A96ED4 /* TabBarConfigurator.swift in Sources */ = {isa = PBXBuildFile; fileRef = 8C6BDD51283DF9E700A96ED4 /* TabBarConfigurator.swift */; };
		8C6BDD59283DF9E700A96ED4 /* TabBarFlowCoordinator.swift in Sources */ = {isa = PBXBuildFile; fileRef = 8C6BDD52283DF9E700A96ED4 /* TabBarFlowCoordinator.swift */; };
		8C6BDD62283DFB6800A96ED4 /* HomePresenter.swift in Sources */ = {isa = PBXBuildFile; fileRef = 8C6BDD5B283DFB6800A96ED4 /* HomePresenter.swift */; };
		8C6BDD63283DFB6800A96ED4 /* HomeRouter.swift in Sources */ = {isa = PBXBuildFile; fileRef = 8C6BDD5C283DFB6800A96ED4 /* HomeRouter.swift */; };
		8C6BDD64283DFB6800A96ED4 /* HomeViewController.swift in Sources */ = {isa = PBXBuildFile; fileRef = 8C6BDD5D283DFB6800A96ED4 /* HomeViewController.swift */; };
		8C6BDD65283DFB6800A96ED4 /* HomeInteractor.swift in Sources */ = {isa = PBXBuildFile; fileRef = 8C6BDD5E283DFB6800A96ED4 /* HomeInteractor.swift */; };
		8C6BDD66283DFB6800A96ED4 /* HomeView.swift in Sources */ = {isa = PBXBuildFile; fileRef = 8C6BDD5F283DFB6800A96ED4 /* HomeView.swift */; };
		8C6BDD67283DFB6800A96ED4 /* HomeConfigurator.swift in Sources */ = {isa = PBXBuildFile; fileRef = 8C6BDD60283DFB6800A96ED4 /* HomeConfigurator.swift */; };
		8C6BDD68283DFB6800A96ED4 /* HomeFlowCoordinator.swift in Sources */ = {isa = PBXBuildFile; fileRef = 8C6BDD61283DFB6800A96ED4 /* HomeFlowCoordinator.swift */; };
		8C6BDD71283E019500A96ED4 /* MyProjectsPresenter.swift in Sources */ = {isa = PBXBuildFile; fileRef = 8C6BDD6A283E019500A96ED4 /* MyProjectsPresenter.swift */; };
		8C6BDD72283E019500A96ED4 /* MyProjectsRouter.swift in Sources */ = {isa = PBXBuildFile; fileRef = 8C6BDD6B283E019500A96ED4 /* MyProjectsRouter.swift */; };
		8C6BDD73283E019500A96ED4 /* MyProjectsViewController.swift in Sources */ = {isa = PBXBuildFile; fileRef = 8C6BDD6C283E019500A96ED4 /* MyProjectsViewController.swift */; };
		8C6BDD74283E019500A96ED4 /* MyProjectsInteractor.swift in Sources */ = {isa = PBXBuildFile; fileRef = 8C6BDD6D283E019500A96ED4 /* MyProjectsInteractor.swift */; };
		8C6BDD75283E019500A96ED4 /* MyProjectsView.swift in Sources */ = {isa = PBXBuildFile; fileRef = 8C6BDD6E283E019500A96ED4 /* MyProjectsView.swift */; };
		8C6BDD76283E019500A96ED4 /* MyProjectsConfigurator.swift in Sources */ = {isa = PBXBuildFile; fileRef = 8C6BDD6F283E019500A96ED4 /* MyProjectsConfigurator.swift */; };
		8C6BDD77283E019500A96ED4 /* MyProjectsFlowCoordinator.swift in Sources */ = {isa = PBXBuildFile; fileRef = 8C6BDD70283E019500A96ED4 /* MyProjectsFlowCoordinator.swift */; };
		8C6BDD80283E031E00A96ED4 /* ConversationsPresenter.swift in Sources */ = {isa = PBXBuildFile; fileRef = 8C6BDD79283E031E00A96ED4 /* ConversationsPresenter.swift */; };
		8C6BDD81283E031E00A96ED4 /* ConversationsRouter.swift in Sources */ = {isa = PBXBuildFile; fileRef = 8C6BDD7A283E031E00A96ED4 /* ConversationsRouter.swift */; };
		8C6BDD82283E031E00A96ED4 /* ConversationsViewController.swift in Sources */ = {isa = PBXBuildFile; fileRef = 8C6BDD7B283E031E00A96ED4 /* ConversationsViewController.swift */; };
		8C6BDD83283E031E00A96ED4 /* ConversationsInteractor.swift in Sources */ = {isa = PBXBuildFile; fileRef = 8C6BDD7C283E031E00A96ED4 /* ConversationsInteractor.swift */; };
		8C6BDD84283E031E00A96ED4 /* ConversationsView.swift in Sources */ = {isa = PBXBuildFile; fileRef = 8C6BDD7D283E031E00A96ED4 /* ConversationsView.swift */; };
		8C6BDD85283E031E00A96ED4 /* ConversationsConfigurator.swift in Sources */ = {isa = PBXBuildFile; fileRef = 8C6BDD7E283E031E00A96ED4 /* ConversationsConfigurator.swift */; };
		8C6BDD86283E031E00A96ED4 /* ConversationsFlowCoordinator.swift in Sources */ = {isa = PBXBuildFile; fileRef = 8C6BDD7F283E031E00A96ED4 /* ConversationsFlowCoordinator.swift */; };
		8C6BDD8A283E246900A96ED4 /* HomeTableViewCell.swift in Sources */ = {isa = PBXBuildFile; fileRef = 8C6BDD88283E246900A96ED4 /* HomeTableViewCell.swift */; };
		8C6BDD8B283E246900A96ED4 /* HomeTableViewCell.xib in Resources */ = {isa = PBXBuildFile; fileRef = 8C6BDD89283E246900A96ED4 /* HomeTableViewCell.xib */; };
		8C6BDD8D283F7B9D00A96ED4 /* GoogleService-Info.plist in Resources */ = {isa = PBXBuildFile; fileRef = 8C6BDD8C283F7B9D00A96ED4 /* GoogleService-Info.plist */; };
		8C6BDD8F283F7D9100A96ED4 /* AuthenticationService.swift in Sources */ = {isa = PBXBuildFile; fileRef = 8C6BDD8E283F7D9100A96ED4 /* AuthenticationService.swift */; };
		8C6BDD92283F83A800A96ED4 /* MyError.swift in Sources */ = {isa = PBXBuildFile; fileRef = 8C6BDD91283F83A800A96ED4 /* MyError.swift */; };
		8C6BDD98283F89A600A96ED4 /* UIViewController+Extension.swift in Sources */ = {isa = PBXBuildFile; fileRef = 8C6BDD97283F89A600A96ED4 /* UIViewController+Extension.swift */; };
		8C814144283FA5BC00E7AB43 /* ProfilePresenter.swift in Sources */ = {isa = PBXBuildFile; fileRef = 8C81413D283FA5BC00E7AB43 /* ProfilePresenter.swift */; };
		8C814145283FA5BC00E7AB43 /* ProfileRouter.swift in Sources */ = {isa = PBXBuildFile; fileRef = 8C81413E283FA5BC00E7AB43 /* ProfileRouter.swift */; };
		8C814146283FA5BC00E7AB43 /* ProfileViewController.swift in Sources */ = {isa = PBXBuildFile; fileRef = 8C81413F283FA5BC00E7AB43 /* ProfileViewController.swift */; };
		8C814147283FA5BC00E7AB43 /* ProfileInteractor.swift in Sources */ = {isa = PBXBuildFile; fileRef = 8C814140283FA5BC00E7AB43 /* ProfileInteractor.swift */; };
		8C814148283FA5BC00E7AB43 /* ProfileView.swift in Sources */ = {isa = PBXBuildFile; fileRef = 8C814141283FA5BC00E7AB43 /* ProfileView.swift */; };
		8C814149283FA5BC00E7AB43 /* ProfileConfigurator.swift in Sources */ = {isa = PBXBuildFile; fileRef = 8C814142283FA5BC00E7AB43 /* ProfileConfigurator.swift */; };
		8C81414A283FA5BC00E7AB43 /* ProfileFlowCoordinator.swift in Sources */ = {isa = PBXBuildFile; fileRef = 8C814143283FA5BC00E7AB43 /* ProfileFlowCoordinator.swift */; };
		8C81414C283FD4C000E7AB43 /* FirestoreService.swift in Sources */ = {isa = PBXBuildFile; fileRef = 8C81414B283FD4C000E7AB43 /* FirestoreService.swift */; };
		8C81414E283FD8B800E7AB43 /* User.swift in Sources */ = {isa = PBXBuildFile; fileRef = 8C81414D283FD8B800E7AB43 /* User.swift */; };
		8C814151283FDB0B00E7AB43 /* UserRepository.swift in Sources */ = {isa = PBXBuildFile; fileRef = 8C814150283FDB0B00E7AB43 /* UserRepository.swift */; };
		A2247B211646827829AF9746 /* Pods_VIPPattern.framework in Frameworks */ = {isa = PBXBuildFile; fileRef = 3353F610B3041E62C9C8EFC1 /* Pods_VIPPattern.framework */; };
		EC2FFBE235F4208096F17E5D /* Pods_VIPPattern_VIPPatternUITests.framework in Frameworks */ = {isa = PBXBuildFile; fileRef = 5EF439562096D7DE22519846 /* Pods_VIPPattern_VIPPatternUITests.framework */; };
/* End PBXBuildFile section */

/* Begin PBXContainerItemProxy section */
		8C6BDC46283CE72100A96ED4 /* PBXContainerItemProxy */ = {
			isa = PBXContainerItemProxy;
			containerPortal = 8C6BDC27283CE71F00A96ED4 /* Project object */;
			proxyType = 1;
			remoteGlobalIDString = 8C6BDC2E283CE71F00A96ED4;
			remoteInfo = VIPPattern;
		};
		8C6BDC50283CE72100A96ED4 /* PBXContainerItemProxy */ = {
			isa = PBXContainerItemProxy;
			containerPortal = 8C6BDC27283CE71F00A96ED4 /* Project object */;
			proxyType = 1;
			remoteGlobalIDString = 8C6BDC2E283CE71F00A96ED4;
			remoteInfo = VIPPattern;
		};
/* End PBXContainerItemProxy section */

/* Begin PBXFileReference section */
		1C7819488E848DAEC2CAE210 /* Pods-VIPPattern-VIPPatternUITests.debug.xcconfig */ = {isa = PBXFileReference; includeInIndex = 1; lastKnownFileType = text.xcconfig; name = "Pods-VIPPattern-VIPPatternUITests.debug.xcconfig"; path = "Target Support Files/Pods-VIPPattern-VIPPatternUITests/Pods-VIPPattern-VIPPatternUITests.debug.xcconfig"; sourceTree = "<group>"; };
		309D14FBD68C880C88B35817 /* Pods-VIPPatternTests.debug.xcconfig */ = {isa = PBXFileReference; includeInIndex = 1; lastKnownFileType = text.xcconfig; name = "Pods-VIPPatternTests.debug.xcconfig"; path = "Target Support Files/Pods-VIPPatternTests/Pods-VIPPatternTests.debug.xcconfig"; sourceTree = "<group>"; };
		317D978E100A2927AAF1F0E7 /* Pods_VIPPatternTests.framework */ = {isa = PBXFileReference; explicitFileType = wrapper.framework; includeInIndex = 0; path = Pods_VIPPatternTests.framework; sourceTree = BUILT_PRODUCTS_DIR; };
		3353F610B3041E62C9C8EFC1 /* Pods_VIPPattern.framework */ = {isa = PBXFileReference; explicitFileType = wrapper.framework; includeInIndex = 0; path = Pods_VIPPattern.framework; sourceTree = BUILT_PRODUCTS_DIR; };
		576328C4874884D3E189A19F /* Pods-VIPPattern.release.xcconfig */ = {isa = PBXFileReference; includeInIndex = 1; lastKnownFileType = text.xcconfig; name = "Pods-VIPPattern.release.xcconfig"; path = "Target Support Files/Pods-VIPPattern/Pods-VIPPattern.release.xcconfig"; sourceTree = "<group>"; };
		5EF439562096D7DE22519846 /* Pods_VIPPattern_VIPPatternUITests.framework */ = {isa = PBXFileReference; explicitFileType = wrapper.framework; includeInIndex = 0; path = Pods_VIPPattern_VIPPatternUITests.framework; sourceTree = BUILT_PRODUCTS_DIR; };
		8C6BDC2F283CE71F00A96ED4 /* VIPPattern.app */ = {isa = PBXFileReference; explicitFileType = wrapper.application; includeInIndex = 0; path = VIPPattern.app; sourceTree = BUILT_PRODUCTS_DIR; };
		8C6BDC32283CE71F00A96ED4 /* AppDelegate.swift */ = {isa = PBXFileReference; lastKnownFileType = sourcecode.swift; path = AppDelegate.swift; sourceTree = "<group>"; };
		8C6BDC34283CE71F00A96ED4 /* SceneDelegate.swift */ = {isa = PBXFileReference; lastKnownFileType = sourcecode.swift; path = SceneDelegate.swift; sourceTree = "<group>"; };
		8C6BDC3B283CE72100A96ED4 /* Assets.xcassets */ = {isa = PBXFileReference; lastKnownFileType = folder.assetcatalog; path = Assets.xcassets; sourceTree = "<group>"; };
		8C6BDC3E283CE72100A96ED4 /* Base */ = {isa = PBXFileReference; lastKnownFileType = file.storyboard; name = Base; path = Base.lproj/LaunchScreen.storyboard; sourceTree = "<group>"; };
		8C6BDC40283CE72100A96ED4 /* Info.plist */ = {isa = PBXFileReference; lastKnownFileType = text.plist.xml; path = Info.plist; sourceTree = "<group>"; };
		8C6BDC45283CE72100A96ED4 /* VIPPatternTests.xctest */ = {isa = PBXFileReference; explicitFileType = wrapper.cfbundle; includeInIndex = 0; path = VIPPatternTests.xctest; sourceTree = BUILT_PRODUCTS_DIR; };
		8C6BDC49283CE72100A96ED4 /* VIPPatternTests.swift */ = {isa = PBXFileReference; lastKnownFileType = sourcecode.swift; path = VIPPatternTests.swift; sourceTree = "<group>"; };
		8C6BDC4F283CE72100A96ED4 /* VIPPatternUITests.xctest */ = {isa = PBXFileReference; explicitFileType = wrapper.cfbundle; includeInIndex = 0; path = VIPPatternUITests.xctest; sourceTree = BUILT_PRODUCTS_DIR; };
		8C6BDC53283CE72100A96ED4 /* VIPPatternUITests.swift */ = {isa = PBXFileReference; lastKnownFileType = sourcecode.swift; path = VIPPatternUITests.swift; sourceTree = "<group>"; };
		8C6BDC55283CE72100A96ED4 /* VIPPatternUITestsLaunchTests.swift */ = {isa = PBXFileReference; lastKnownFileType = sourcecode.swift; path = VIPPatternUITestsLaunchTests.swift; sourceTree = "<group>"; };
		8C6BDC67283CE99100A96ED4 /* AppFlowCoordinator.swift */ = {isa = PBXFileReference; lastKnownFileType = sourcecode.swift; path = AppFlowCoordinator.swift; sourceTree = "<group>"; };
		8C6BDC69283CEB1400A96ED4 /* FlowCoordinator.swift */ = {isa = PBXFileReference; lastKnownFileType = sourcecode.swift; path = FlowCoordinator.swift; sourceTree = "<group>"; };
		8C6BDC6B283CEDB100A96ED4 /* MainFlowCoordinator.swift */ = {isa = PBXFileReference; lastKnownFileType = sourcecode.swift; path = MainFlowCoordinator.swift; sourceTree = "<group>"; };
		8C6BDC6E283CF23600A96ED4 /* LoginConfigurator.swift */ = {isa = PBXFileReference; lastKnownFileType = sourcecode.swift; path = LoginConfigurator.swift; sourceTree = "<group>"; };
		8C6BDC70283CF24000A96ED4 /* LoginInteractor.swift */ = {isa = PBXFileReference; lastKnownFileType = sourcecode.swift; path = LoginInteractor.swift; sourceTree = "<group>"; };
		8C6BDC72283CF24A00A96ED4 /* LoginPresenter.swift */ = {isa = PBXFileReference; lastKnownFileType = sourcecode.swift; path = LoginPresenter.swift; sourceTree = "<group>"; };
		8C6BDC74283CF25000A96ED4 /* LoginRouter.swift */ = {isa = PBXFileReference; lastKnownFileType = sourcecode.swift; path = LoginRouter.swift; sourceTree = "<group>"; };
		8C6BDC76283CF26A00A96ED4 /* LoginView.swift */ = {isa = PBXFileReference; lastKnownFileType = sourcecode.swift; path = LoginView.swift; sourceTree = "<group>"; };
		8C6BDC78283CF27400A96ED4 /* LoginViewController.swift */ = {isa = PBXFileReference; lastKnownFileType = sourcecode.swift; path = LoginViewController.swift; sourceTree = "<group>"; };
		8C6BDC7A283D2F3100A96ED4 /* Dependencies.swift */ = {isa = PBXFileReference; lastKnownFileType = sourcecode.swift; path = Dependencies.swift; sourceTree = "<group>"; };
		8C6BDC7C283D31B600A96ED4 /* KeychainService.swift */ = {isa = PBXFileReference; lastKnownFileType = sourcecode.swift; path = KeychainService.swift; sourceTree = "<group>"; };
		8C6BDC7E283D34B500A96ED4 /* LoginFlowCoordinator.swift */ = {isa = PBXFileReference; lastKnownFileType = sourcecode.swift; path = LoginFlowCoordinator.swift; sourceTree = "<group>"; };
		8C6BDC82283D3C1C00A96ED4 /* RegistrationView.swift */ = {isa = PBXFileReference; lastKnownFileType = sourcecode.swift; path = RegistrationView.swift; sourceTree = "<group>"; };
		8C6BDC83283D3C1C00A96ED4 /* RegistrationPresenter.swift */ = {isa = PBXFileReference; lastKnownFileType = sourcecode.swift; path = RegistrationPresenter.swift; sourceTree = "<group>"; };
		8C6BDC84283D3C1C00A96ED4 /* RegistrationRouter.swift */ = {isa = PBXFileReference; lastKnownFileType = sourcecode.swift; path = RegistrationRouter.swift; sourceTree = "<group>"; };
		8C6BDC85283D3C1C00A96ED4 /* RegistrationFlowCoordinator.swift */ = {isa = PBXFileReference; lastKnownFileType = sourcecode.swift; path = RegistrationFlowCoordinator.swift; sourceTree = "<group>"; };
		8C6BDC86283D3C1C00A96ED4 /* RegistrationViewController.swift */ = {isa = PBXFileReference; lastKnownFileType = sourcecode.swift; path = RegistrationViewController.swift; sourceTree = "<group>"; };
		8C6BDC87283D3C1C00A96ED4 /* RegistrationInteractor.swift */ = {isa = PBXFileReference; lastKnownFileType = sourcecode.swift; path = RegistrationInteractor.swift; sourceTree = "<group>"; };
		8C6BDC88283D3C1C00A96ED4 /* RegistrationConfigurator.swift */ = {isa = PBXFileReference; lastKnownFileType = sourcecode.swift; path = RegistrationConfigurator.swift; sourceTree = "<group>"; };
		8C6BDD4D283DF9E700A96ED4 /* TabBarRouter.swift */ = {isa = PBXFileReference; lastKnownFileType = sourcecode.swift; path = TabBarRouter.swift; sourceTree = "<group>"; };
		8C6BDD4E283DF9E700A96ED4 /* TabBarViewController.swift */ = {isa = PBXFileReference; lastKnownFileType = sourcecode.swift; path = TabBarViewController.swift; sourceTree = "<group>"; };
		8C6BDD51283DF9E700A96ED4 /* TabBarConfigurator.swift */ = {isa = PBXFileReference; lastKnownFileType = sourcecode.swift; path = TabBarConfigurator.swift; sourceTree = "<group>"; };
		8C6BDD52283DF9E700A96ED4 /* TabBarFlowCoordinator.swift */ = {isa = PBXFileReference; lastKnownFileType = sourcecode.swift; path = TabBarFlowCoordinator.swift; sourceTree = "<group>"; };
		8C6BDD5B283DFB6800A96ED4 /* HomePresenter.swift */ = {isa = PBXFileReference; lastKnownFileType = sourcecode.swift; path = HomePresenter.swift; sourceTree = "<group>"; };
		8C6BDD5C283DFB6800A96ED4 /* HomeRouter.swift */ = {isa = PBXFileReference; lastKnownFileType = sourcecode.swift; path = HomeRouter.swift; sourceTree = "<group>"; };
		8C6BDD5D283DFB6800A96ED4 /* HomeViewController.swift */ = {isa = PBXFileReference; lastKnownFileType = sourcecode.swift; path = HomeViewController.swift; sourceTree = "<group>"; };
		8C6BDD5E283DFB6800A96ED4 /* HomeInteractor.swift */ = {isa = PBXFileReference; lastKnownFileType = sourcecode.swift; path = HomeInteractor.swift; sourceTree = "<group>"; };
		8C6BDD5F283DFB6800A96ED4 /* HomeView.swift */ = {isa = PBXFileReference; lastKnownFileType = sourcecode.swift; path = HomeView.swift; sourceTree = "<group>"; };
		8C6BDD60283DFB6800A96ED4 /* HomeConfigurator.swift */ = {isa = PBXFileReference; lastKnownFileType = sourcecode.swift; path = HomeConfigurator.swift; sourceTree = "<group>"; };
		8C6BDD61283DFB6800A96ED4 /* HomeFlowCoordinator.swift */ = {isa = PBXFileReference; lastKnownFileType = sourcecode.swift; path = HomeFlowCoordinator.swift; sourceTree = "<group>"; };
		8C6BDD6A283E019500A96ED4 /* MyProjectsPresenter.swift */ = {isa = PBXFileReference; lastKnownFileType = sourcecode.swift; path = MyProjectsPresenter.swift; sourceTree = "<group>"; };
		8C6BDD6B283E019500A96ED4 /* MyProjectsRouter.swift */ = {isa = PBXFileReference; lastKnownFileType = sourcecode.swift; path = MyProjectsRouter.swift; sourceTree = "<group>"; };
		8C6BDD6C283E019500A96ED4 /* MyProjectsViewController.swift */ = {isa = PBXFileReference; lastKnownFileType = sourcecode.swift; path = MyProjectsViewController.swift; sourceTree = "<group>"; };
		8C6BDD6D283E019500A96ED4 /* MyProjectsInteractor.swift */ = {isa = PBXFileReference; lastKnownFileType = sourcecode.swift; path = MyProjectsInteractor.swift; sourceTree = "<group>"; };
		8C6BDD6E283E019500A96ED4 /* MyProjectsView.swift */ = {isa = PBXFileReference; lastKnownFileType = sourcecode.swift; path = MyProjectsView.swift; sourceTree = "<group>"; };
		8C6BDD6F283E019500A96ED4 /* MyProjectsConfigurator.swift */ = {isa = PBXFileReference; lastKnownFileType = sourcecode.swift; path = MyProjectsConfigurator.swift; sourceTree = "<group>"; };
		8C6BDD70283E019500A96ED4 /* MyProjectsFlowCoordinator.swift */ = {isa = PBXFileReference; lastKnownFileType = sourcecode.swift; path = MyProjectsFlowCoordinator.swift; sourceTree = "<group>"; };
		8C6BDD79283E031E00A96ED4 /* ConversationsPresenter.swift */ = {isa = PBXFileReference; lastKnownFileType = sourcecode.swift; path = ConversationsPresenter.swift; sourceTree = "<group>"; };
		8C6BDD7A283E031E00A96ED4 /* ConversationsRouter.swift */ = {isa = PBXFileReference; lastKnownFileType = sourcecode.swift; path = ConversationsRouter.swift; sourceTree = "<group>"; };
		8C6BDD7B283E031E00A96ED4 /* ConversationsViewController.swift */ = {isa = PBXFileReference; lastKnownFileType = sourcecode.swift; path = ConversationsViewController.swift; sourceTree = "<group>"; };
		8C6BDD7C283E031E00A96ED4 /* ConversationsInteractor.swift */ = {isa = PBXFileReference; lastKnownFileType = sourcecode.swift; path = ConversationsInteractor.swift; sourceTree = "<group>"; };
		8C6BDD7D283E031E00A96ED4 /* ConversationsView.swift */ = {isa = PBXFileReference; lastKnownFileType = sourcecode.swift; path = ConversationsView.swift; sourceTree = "<group>"; };
		8C6BDD7E283E031E00A96ED4 /* ConversationsConfigurator.swift */ = {isa = PBXFileReference; lastKnownFileType = sourcecode.swift; path = ConversationsConfigurator.swift; sourceTree = "<group>"; };
		8C6BDD7F283E031E00A96ED4 /* ConversationsFlowCoordinator.swift */ = {isa = PBXFileReference; lastKnownFileType = sourcecode.swift; path = ConversationsFlowCoordinator.swift; sourceTree = "<group>"; };
		8C6BDD88283E246900A96ED4 /* HomeTableViewCell.swift */ = {isa = PBXFileReference; lastKnownFileType = sourcecode.swift; path = HomeTableViewCell.swift; sourceTree = "<group>"; };
		8C6BDD89283E246900A96ED4 /* HomeTableViewCell.xib */ = {isa = PBXFileReference; lastKnownFileType = file.xib; path = HomeTableViewCell.xib; sourceTree = "<group>"; };
		8C6BDD8C283F7B9D00A96ED4 /* GoogleService-Info.plist */ = {isa = PBXFileReference; fileEncoding = 4; lastKnownFileType = text.plist.xml; path = "GoogleService-Info.plist"; sourceTree = "<group>"; };
		8C6BDD8E283F7D9100A96ED4 /* AuthenticationService.swift */ = {isa = PBXFileReference; lastKnownFileType = sourcecode.swift; path = AuthenticationService.swift; sourceTree = "<group>"; };
		8C6BDD91283F83A800A96ED4 /* MyError.swift */ = {isa = PBXFileReference; lastKnownFileType = sourcecode.swift; path = MyError.swift; sourceTree = "<group>"; };
		8C6BDD97283F89A600A96ED4 /* UIViewController+Extension.swift */ = {isa = PBXFileReference; lastKnownFileType = sourcecode.swift; path = "UIViewController+Extension.swift"; sourceTree = "<group>"; };
		8C81413D283FA5BC00E7AB43 /* ProfilePresenter.swift */ = {isa = PBXFileReference; lastKnownFileType = sourcecode.swift; path = ProfilePresenter.swift; sourceTree = "<group>"; };
		8C81413E283FA5BC00E7AB43 /* ProfileRouter.swift */ = {isa = PBXFileReference; lastKnownFileType = sourcecode.swift; path = ProfileRouter.swift; sourceTree = "<group>"; };
		8C81413F283FA5BC00E7AB43 /* ProfileViewController.swift */ = {isa = PBXFileReference; lastKnownFileType = sourcecode.swift; path = ProfileViewController.swift; sourceTree = "<group>"; };
		8C814140283FA5BC00E7AB43 /* ProfileInteractor.swift */ = {isa = PBXFileReference; lastKnownFileType = sourcecode.swift; path = ProfileInteractor.swift; sourceTree = "<group>"; };
		8C814141283FA5BC00E7AB43 /* ProfileView.swift */ = {isa = PBXFileReference; lastKnownFileType = sourcecode.swift; path = ProfileView.swift; sourceTree = "<group>"; };
		8C814142283FA5BC00E7AB43 /* ProfileConfigurator.swift */ = {isa = PBXFileReference; lastKnownFileType = sourcecode.swift; path = ProfileConfigurator.swift; sourceTree = "<group>"; };
		8C814143283FA5BC00E7AB43 /* ProfileFlowCoordinator.swift */ = {isa = PBXFileReference; lastKnownFileType = sourcecode.swift; path = ProfileFlowCoordinator.swift; sourceTree = "<group>"; };
		8C81414B283FD4C000E7AB43 /* FirestoreService.swift */ = {isa = PBXFileReference; lastKnownFileType = sourcecode.swift; path = FirestoreService.swift; sourceTree = "<group>"; };
		8C81414D283FD8B800E7AB43 /* User.swift */ = {isa = PBXFileReference; lastKnownFileType = sourcecode.swift; path = User.swift; sourceTree = "<group>"; };
		8C814150283FDB0B00E7AB43 /* UserRepository.swift */ = {isa = PBXFileReference; lastKnownFileType = sourcecode.swift; path = UserRepository.swift; sourceTree = "<group>"; };
		A30803D977BC4D2488FF6532 /* Pods-VIPPattern-VIPPatternUITests.release.xcconfig */ = {isa = PBXFileReference; includeInIndex = 1; lastKnownFileType = text.xcconfig; name = "Pods-VIPPattern-VIPPatternUITests.release.xcconfig"; path = "Target Support Files/Pods-VIPPattern-VIPPatternUITests/Pods-VIPPattern-VIPPatternUITests.release.xcconfig"; sourceTree = "<group>"; };
		DA29FF392958C526D06EADA7 /* Pods-VIPPattern.debug.xcconfig */ = {isa = PBXFileReference; includeInIndex = 1; lastKnownFileType = text.xcconfig; name = "Pods-VIPPattern.debug.xcconfig"; path = "Target Support Files/Pods-VIPPattern/Pods-VIPPattern.debug.xcconfig"; sourceTree = "<group>"; };
		E6B278D7BDA81285949465DA /* Pods-VIPPatternTests.release.xcconfig */ = {isa = PBXFileReference; includeInIndex = 1; lastKnownFileType = text.xcconfig; name = "Pods-VIPPatternTests.release.xcconfig"; path = "Target Support Files/Pods-VIPPatternTests/Pods-VIPPatternTests.release.xcconfig"; sourceTree = "<group>"; };
/* End PBXFileReference section */

/* Begin PBXFrameworksBuildPhase section */
		8C6BDC2C283CE71F00A96ED4 /* Frameworks */ = {
			isa = PBXFrameworksBuildPhase;
			buildActionMask = 2147483647;
			files = (
				A2247B211646827829AF9746 /* Pods_VIPPattern.framework in Frameworks */,
			);
			runOnlyForDeploymentPostprocessing = 0;
		};
		8C6BDC42283CE72100A96ED4 /* Frameworks */ = {
			isa = PBXFrameworksBuildPhase;
			buildActionMask = 2147483647;
			files = (
				62FA39C8FAC67622EBADC928 /* Pods_VIPPatternTests.framework in Frameworks */,
			);
			runOnlyForDeploymentPostprocessing = 0;
		};
		8C6BDC4C283CE72100A96ED4 /* Frameworks */ = {
			isa = PBXFrameworksBuildPhase;
			buildActionMask = 2147483647;
			files = (
				EC2FFBE235F4208096F17E5D /* Pods_VIPPattern_VIPPatternUITests.framework in Frameworks */,
			);
			runOnlyForDeploymentPostprocessing = 0;
		};
/* End PBXFrameworksBuildPhase section */

/* Begin PBXGroup section */
		4A4B2BE18328ED846CE50297 /* Frameworks */ = {
			isa = PBXGroup;
			children = (
				3353F610B3041E62C9C8EFC1 /* Pods_VIPPattern.framework */,
				5EF439562096D7DE22519846 /* Pods_VIPPattern_VIPPatternUITests.framework */,
				317D978E100A2927AAF1F0E7 /* Pods_VIPPatternTests.framework */,
			);
			name = Frameworks;
			sourceTree = "<group>";
		};
		69D9148B018E1CD1CECBFA29 /* Pods */ = {
			isa = PBXGroup;
			children = (
				DA29FF392958C526D06EADA7 /* Pods-VIPPattern.debug.xcconfig */,
				576328C4874884D3E189A19F /* Pods-VIPPattern.release.xcconfig */,
				1C7819488E848DAEC2CAE210 /* Pods-VIPPattern-VIPPatternUITests.debug.xcconfig */,
				A30803D977BC4D2488FF6532 /* Pods-VIPPattern-VIPPatternUITests.release.xcconfig */,
				309D14FBD68C880C88B35817 /* Pods-VIPPatternTests.debug.xcconfig */,
				E6B278D7BDA81285949465DA /* Pods-VIPPatternTests.release.xcconfig */,
			);
			path = Pods;
			sourceTree = "<group>";
		};
		8C6BDC26283CE71F00A96ED4 = {
			isa = PBXGroup;
			children = (
				8C6BDC31283CE71F00A96ED4 /* VIPPattern */,
				8C6BDC48283CE72100A96ED4 /* VIPPatternTests */,
				8C6BDC52283CE72100A96ED4 /* VIPPatternUITests */,
				8C6BDC30283CE71F00A96ED4 /* Products */,
				69D9148B018E1CD1CECBFA29 /* Pods */,
				4A4B2BE18328ED846CE50297 /* Frameworks */,
			);
			sourceTree = "<group>";
		};
		8C6BDC30283CE71F00A96ED4 /* Products */ = {
			isa = PBXGroup;
			children = (
				8C6BDC2F283CE71F00A96ED4 /* VIPPattern.app */,
				8C6BDC45283CE72100A96ED4 /* VIPPatternTests.xctest */,
				8C6BDC4F283CE72100A96ED4 /* VIPPatternUITests.xctest */,
			);
			name = Products;
			sourceTree = "<group>";
		};
		8C6BDC31283CE71F00A96ED4 /* VIPPattern */ = {
			isa = PBXGroup;
			children = (
				8C6BDD8C283F7B9D00A96ED4 /* GoogleService-Info.plist */,
				8C6BDC62283CE78300A96ED4 /* Application */,
				8C6BDC63283CE78A00A96ED4 /* Services */,
				8C81414F283FDAF200E7AB43 /* Repositories */,
				8C6BDC66283CE98000A96ED4 /* Flow */,
				8C6BDD90283F829800A96ED4 /* Models */,
				8C6BDC64283CE79A00A96ED4 /* Modules */,
				8C6BDC65283CE7A200A96ED4 /* SupportingFiles */,
				8C6BDD96283F898A00A96ED4 /* Extensions */,
			);
			path = VIPPattern;
			sourceTree = "<group>";
		};
		8C6BDC48283CE72100A96ED4 /* VIPPatternTests */ = {
			isa = PBXGroup;
			children = (
				8C6BDC49283CE72100A96ED4 /* VIPPatternTests.swift */,
			);
			path = VIPPatternTests;
			sourceTree = "<group>";
		};
		8C6BDC52283CE72100A96ED4 /* VIPPatternUITests */ = {
			isa = PBXGroup;
			children = (
				8C6BDC53283CE72100A96ED4 /* VIPPatternUITests.swift */,
				8C6BDC55283CE72100A96ED4 /* VIPPatternUITestsLaunchTests.swift */,
			);
			path = VIPPatternUITests;
			sourceTree = "<group>";
		};
		8C6BDC62283CE78300A96ED4 /* Application */ = {
			isa = PBXGroup;
			children = (
				8C6BDC3D283CE72100A96ED4 /* LaunchScreen.storyboard */,
				8C6BDC32283CE71F00A96ED4 /* AppDelegate.swift */,
				8C6BDC34283CE71F00A96ED4 /* SceneDelegate.swift */,
			);
			path = Application;
			sourceTree = "<group>";
		};
		8C6BDC63283CE78A00A96ED4 /* Services */ = {
			isa = PBXGroup;
			children = (
				8C6BDC7A283D2F3100A96ED4 /* Dependencies.swift */,
				8C6BDC7C283D31B600A96ED4 /* KeychainService.swift */,
				8C6BDD8E283F7D9100A96ED4 /* AuthenticationService.swift */,
				8C81414B283FD4C000E7AB43 /* FirestoreService.swift */,
			);
			path = Services;
			sourceTree = "<group>";
		};
		8C6BDC64283CE79A00A96ED4 /* Modules */ = {
			isa = PBXGroup;
			children = (
				8C6BDD4B283DF99500A96ED4 /* TabBar */,
				8C6BDD78283E030D00A96ED4 /* Conversations */,
				8C6BDD69283E017B00A96ED4 /* MyProjects */,
				8C6BDD5A283DFB5800A96ED4 /* Home */,
				8C81413C283FA58E00E7AB43 /* Profile */,
				8C6BDC6D283CF22300A96ED4 /* Login */,
				8C6BDC80283D3B7A00A96ED4 /* Registration */,
			);
			path = Modules;
			sourceTree = "<group>";
		};
		8C6BDC65283CE7A200A96ED4 /* SupportingFiles */ = {
			isa = PBXGroup;
			children = (
				8C6BDC3B283CE72100A96ED4 /* Assets.xcassets */,
				8C6BDC40283CE72100A96ED4 /* Info.plist */,
			);
			path = SupportingFiles;
			sourceTree = "<group>";
		};
		8C6BDC66283CE98000A96ED4 /* Flow */ = {
			isa = PBXGroup;
			children = (
				8C6BDC69283CEB1400A96ED4 /* FlowCoordinator.swift */,
				8C6BDC67283CE99100A96ED4 /* AppFlowCoordinator.swift */,
				8C6BDC6B283CEDB100A96ED4 /* MainFlowCoordinator.swift */,
			);
			path = Flow;
			sourceTree = "<group>";
		};
		8C6BDC6D283CF22300A96ED4 /* Login */ = {
			isa = PBXGroup;
			children = (
				8C6BDC7E283D34B500A96ED4 /* LoginFlowCoordinator.swift */,
				8C6BDC6E283CF23600A96ED4 /* LoginConfigurator.swift */,
				8C6BDC76283CF26A00A96ED4 /* LoginView.swift */,
				8C6BDC78283CF27400A96ED4 /* LoginViewController.swift */,
				8C6BDC70283CF24000A96ED4 /* LoginInteractor.swift */,
				8C6BDC72283CF24A00A96ED4 /* LoginPresenter.swift */,
				8C6BDC74283CF25000A96ED4 /* LoginRouter.swift */,
			);
			path = Login;
			sourceTree = "<group>";
		};
		8C6BDC80283D3B7A00A96ED4 /* Registration */ = {
			isa = PBXGroup;
			children = (
				8C6BDC85283D3C1C00A96ED4 /* RegistrationFlowCoordinator.swift */,
				8C6BDC88283D3C1C00A96ED4 /* RegistrationConfigurator.swift */,
				8C6BDC82283D3C1C00A96ED4 /* RegistrationView.swift */,
				8C6BDC86283D3C1C00A96ED4 /* RegistrationViewController.swift */,
				8C6BDC87283D3C1C00A96ED4 /* RegistrationInteractor.swift */,
				8C6BDC83283D3C1C00A96ED4 /* RegistrationPresenter.swift */,
				8C6BDC84283D3C1C00A96ED4 /* RegistrationRouter.swift */,
			);
			path = Registration;
			sourceTree = "<group>";
		};
		8C6BDD4B283DF99500A96ED4 /* TabBar */ = {
			isa = PBXGroup;
			children = (
				8C6BDD52283DF9E700A96ED4 /* TabBarFlowCoordinator.swift */,
				8C6BDD51283DF9E700A96ED4 /* TabBarConfigurator.swift */,
				8C6BDD4E283DF9E700A96ED4 /* TabBarViewController.swift */,
				8C6BDD4D283DF9E700A96ED4 /* TabBarRouter.swift */,
			);
			path = TabBar;
			sourceTree = "<group>";
		};
		8C6BDD5A283DFB5800A96ED4 /* Home */ = {
			isa = PBXGroup;
			children = (
				8C6BDD87283E220100A96ED4 /* Cell */,
				8C6BDD61283DFB6800A96ED4 /* HomeFlowCoordinator.swift */,
				8C6BDD60283DFB6800A96ED4 /* HomeConfigurator.swift */,
				8C6BDD5F283DFB6800A96ED4 /* HomeView.swift */,
				8C6BDD5D283DFB6800A96ED4 /* HomeViewController.swift */,
				8C6BDD5E283DFB6800A96ED4 /* HomeInteractor.swift */,
				8C6BDD5B283DFB6800A96ED4 /* HomePresenter.swift */,
				8C6BDD5C283DFB6800A96ED4 /* HomeRouter.swift */,
			);
			path = Home;
			sourceTree = "<group>";
		};
		8C6BDD69283E017B00A96ED4 /* MyProjects */ = {
			isa = PBXGroup;
			children = (
				8C6BDD70283E019500A96ED4 /* MyProjectsFlowCoordinator.swift */,
				8C6BDD6F283E019500A96ED4 /* MyProjectsConfigurator.swift */,
				8C6BDD6E283E019500A96ED4 /* MyProjectsView.swift */,
				8C6BDD6C283E019500A96ED4 /* MyProjectsViewController.swift */,
				8C6BDD6D283E019500A96ED4 /* MyProjectsInteractor.swift */,
				8C6BDD6A283E019500A96ED4 /* MyProjectsPresenter.swift */,
				8C6BDD6B283E019500A96ED4 /* MyProjectsRouter.swift */,
			);
			path = MyProjects;
			sourceTree = "<group>";
		};
		8C6BDD78283E030D00A96ED4 /* Conversations */ = {
			isa = PBXGroup;
			children = (
				8C6BDD7F283E031E00A96ED4 /* ConversationsFlowCoordinator.swift */,
				8C6BDD7E283E031E00A96ED4 /* ConversationsConfigurator.swift */,
				8C6BDD7D283E031E00A96ED4 /* ConversationsView.swift */,
				8C6BDD7B283E031E00A96ED4 /* ConversationsViewController.swift */,
				8C6BDD7C283E031E00A96ED4 /* ConversationsInteractor.swift */,
				8C6BDD79283E031E00A96ED4 /* ConversationsPresenter.swift */,
				8C6BDD7A283E031E00A96ED4 /* ConversationsRouter.swift */,
			);
			path = Conversations;
			sourceTree = "<group>";
		};
		8C6BDD87283E220100A96ED4 /* Cell */ = {
			isa = PBXGroup;
			children = (
				8C6BDD88283E246900A96ED4 /* HomeTableViewCell.swift */,
				8C6BDD89283E246900A96ED4 /* HomeTableViewCell.xib */,
			);
			path = Cell;
			sourceTree = "<group>";
		};
		8C6BDD90283F829800A96ED4 /* Models */ = {
			isa = PBXGroup;
			children = (
				8C6BDD91283F83A800A96ED4 /* MyError.swift */,
				8C81414D283FD8B800E7AB43 /* User.swift */,
			);
			path = Models;
			sourceTree = "<group>";
		};
		8C6BDD96283F898A00A96ED4 /* Extensions */ = {
			isa = PBXGroup;
			children = (
				8C6BDD97283F89A600A96ED4 /* UIViewController+Extension.swift */,
			);
			path = Extensions;
			sourceTree = "<group>";
		};
		8C81413C283FA58E00E7AB43 /* Profile */ = {
			isa = PBXGroup;
			children = (
				8C814143283FA5BC00E7AB43 /* ProfileFlowCoordinator.swift */,
				8C814142283FA5BC00E7AB43 /* ProfileConfigurator.swift */,
				8C814141283FA5BC00E7AB43 /* ProfileView.swift */,
				8C81413F283FA5BC00E7AB43 /* ProfileViewController.swift */,
				8C814140283FA5BC00E7AB43 /* ProfileInteractor.swift */,
				8C81413D283FA5BC00E7AB43 /* ProfilePresenter.swift */,
				8C81413E283FA5BC00E7AB43 /* ProfileRouter.swift */,
			);
			path = Profile;
			sourceTree = "<group>";
		};
		8C81414F283FDAF200E7AB43 /* Repositories */ = {
			isa = PBXGroup;
			children = (
				8C814150283FDB0B00E7AB43 /* UserRepository.swift */,
			);
			path = Repositories;
			sourceTree = "<group>";
		};
/* End PBXGroup section */

/* Begin PBXNativeTarget section */
		8C6BDC2E283CE71F00A96ED4 /* VIPPattern */ = {
			isa = PBXNativeTarget;
			buildConfigurationList = 8C6BDC59283CE72100A96ED4 /* Build configuration list for PBXNativeTarget "VIPPattern" */;
			buildPhases = (
				EAAC8E5C9CC89CA08D6A4CAC /* [CP] Check Pods Manifest.lock */,
				8C6BDC2B283CE71F00A96ED4 /* Sources */,
				8C6BDC2C283CE71F00A96ED4 /* Frameworks */,
				8C6BDC2D283CE71F00A96ED4 /* Resources */,
				CB2CE3A09F24B3EA19650EFE /* [CP] Embed Pods Frameworks */,
			);
			buildRules = (
			);
			dependencies = (
			);
			name = VIPPattern;
			productName = VIPPattern;
			productReference = 8C6BDC2F283CE71F00A96ED4 /* VIPPattern.app */;
			productType = "com.apple.product-type.application";
		};
		8C6BDC44283CE72100A96ED4 /* VIPPatternTests */ = {
			isa = PBXNativeTarget;
			buildConfigurationList = 8C6BDC5C283CE72100A96ED4 /* Build configuration list for PBXNativeTarget "VIPPatternTests" */;
			buildPhases = (
				1AFD83964B571EFB21B65AF6 /* [CP] Check Pods Manifest.lock */,
				8C6BDC41283CE72100A96ED4 /* Sources */,
				8C6BDC42283CE72100A96ED4 /* Frameworks */,
				8C6BDC43283CE72100A96ED4 /* Resources */,
			);
			buildRules = (
			);
			dependencies = (
				8C6BDC47283CE72100A96ED4 /* PBXTargetDependency */,
			);
			name = VIPPatternTests;
			productName = VIPPatternTests;
			productReference = 8C6BDC45283CE72100A96ED4 /* VIPPatternTests.xctest */;
			productType = "com.apple.product-type.bundle.unit-test";
		};
		8C6BDC4E283CE72100A96ED4 /* VIPPatternUITests */ = {
			isa = PBXNativeTarget;
			buildConfigurationList = 8C6BDC5F283CE72100A96ED4 /* Build configuration list for PBXNativeTarget "VIPPatternUITests" */;
			buildPhases = (
				06FBDA3CA9E6602BC0C920E9 /* [CP] Check Pods Manifest.lock */,
				8C6BDC4B283CE72100A96ED4 /* Sources */,
				8C6BDC4C283CE72100A96ED4 /* Frameworks */,
				8C6BDC4D283CE72100A96ED4 /* Resources */,
				AAEC6374D5FD8AF76606F255 /* [CP] Embed Pods Frameworks */,
			);
			buildRules = (
			);
			dependencies = (
				8C6BDC51283CE72100A96ED4 /* PBXTargetDependency */,
			);
			name = VIPPatternUITests;
			productName = VIPPatternUITests;
			productReference = 8C6BDC4F283CE72100A96ED4 /* VIPPatternUITests.xctest */;
			productType = "com.apple.product-type.bundle.ui-testing";
		};
/* End PBXNativeTarget section */

/* Begin PBXProject section */
		8C6BDC27283CE71F00A96ED4 /* Project object */ = {
			isa = PBXProject;
			attributes = {
				BuildIndependentTargetsInParallel = 1;
				LastSwiftUpdateCheck = 1330;
				LastUpgradeCheck = 1330;
				TargetAttributes = {
					8C6BDC2E283CE71F00A96ED4 = {
						CreatedOnToolsVersion = 13.3.1;
					};
					8C6BDC44283CE72100A96ED4 = {
						CreatedOnToolsVersion = 13.3.1;
						TestTargetID = 8C6BDC2E283CE71F00A96ED4;
					};
					8C6BDC4E283CE72100A96ED4 = {
						CreatedOnToolsVersion = 13.3.1;
						TestTargetID = 8C6BDC2E283CE71F00A96ED4;
					};
				};
			};
			buildConfigurationList = 8C6BDC2A283CE71F00A96ED4 /* Build configuration list for PBXProject "VIPPattern" */;
			compatibilityVersion = "Xcode 13.0";
			developmentRegion = en;
			hasScannedForEncodings = 0;
			knownRegions = (
				en,
				Base,
			);
			mainGroup = 8C6BDC26283CE71F00A96ED4;
			productRefGroup = 8C6BDC30283CE71F00A96ED4 /* Products */;
			projectDirPath = "";
			projectRoot = "";
			targets = (
				8C6BDC2E283CE71F00A96ED4 /* VIPPattern */,
				8C6BDC44283CE72100A96ED4 /* VIPPatternTests */,
				8C6BDC4E283CE72100A96ED4 /* VIPPatternUITests */,
			);
		};
/* End PBXProject section */

/* Begin PBXResourcesBuildPhase section */
		8C6BDC2D283CE71F00A96ED4 /* Resources */ = {
			isa = PBXResourcesBuildPhase;
			buildActionMask = 2147483647;
			files = (
				8C6BDC3F283CE72100A96ED4 /* LaunchScreen.storyboard in Resources */,
				8C6BDD8D283F7B9D00A96ED4 /* GoogleService-Info.plist in Resources */,
				8C6BDD8B283E246900A96ED4 /* HomeTableViewCell.xib in Resources */,
				8C6BDC3C283CE72100A96ED4 /* Assets.xcassets in Resources */,
			);
			runOnlyForDeploymentPostprocessing = 0;
		};
		8C6BDC43283CE72100A96ED4 /* Resources */ = {
			isa = PBXResourcesBuildPhase;
			buildActionMask = 2147483647;
			files = (
			);
			runOnlyForDeploymentPostprocessing = 0;
		};
		8C6BDC4D283CE72100A96ED4 /* Resources */ = {
			isa = PBXResourcesBuildPhase;
			buildActionMask = 2147483647;
			files = (
			);
			runOnlyForDeploymentPostprocessing = 0;
		};
/* End PBXResourcesBuildPhase section */

/* Begin PBXShellScriptBuildPhase section */
		06FBDA3CA9E6602BC0C920E9 /* [CP] Check Pods Manifest.lock */ = {
			isa = PBXShellScriptBuildPhase;
			buildActionMask = 2147483647;
			files = (
			);
			inputFileListPaths = (
			);
			inputPaths = (
				"${PODS_PODFILE_DIR_PATH}/Podfile.lock",
				"${PODS_ROOT}/Manifest.lock",
			);
			name = "[CP] Check Pods Manifest.lock";
			outputFileListPaths = (
			);
			outputPaths = (
				"$(DERIVED_FILE_DIR)/Pods-VIPPattern-VIPPatternUITests-checkManifestLockResult.txt",
			);
			runOnlyForDeploymentPostprocessing = 0;
			shellPath = /bin/sh;
			shellScript = "diff \"${PODS_PODFILE_DIR_PATH}/Podfile.lock\" \"${PODS_ROOT}/Manifest.lock\" > /dev/null\nif [ $? != 0 ] ; then\n    # print error to STDERR\n    echo \"error: The sandbox is not in sync with the Podfile.lock. Run 'pod install' or update your CocoaPods installation.\" >&2\n    exit 1\nfi\n# This output is used by Xcode 'outputs' to avoid re-running this script phase.\necho \"SUCCESS\" > \"${SCRIPT_OUTPUT_FILE_0}\"\n";
			showEnvVarsInLog = 0;
		};
		1AFD83964B571EFB21B65AF6 /* [CP] Check Pods Manifest.lock */ = {
			isa = PBXShellScriptBuildPhase;
			buildActionMask = 2147483647;
			files = (
			);
			inputFileListPaths = (
			);
			inputPaths = (
				"${PODS_PODFILE_DIR_PATH}/Podfile.lock",
				"${PODS_ROOT}/Manifest.lock",
			);
			name = "[CP] Check Pods Manifest.lock";
			outputFileListPaths = (
			);
			outputPaths = (
				"$(DERIVED_FILE_DIR)/Pods-VIPPatternTests-checkManifestLockResult.txt",
			);
			runOnlyForDeploymentPostprocessing = 0;
			shellPath = /bin/sh;
			shellScript = "diff \"${PODS_PODFILE_DIR_PATH}/Podfile.lock\" \"${PODS_ROOT}/Manifest.lock\" > /dev/null\nif [ $? != 0 ] ; then\n    # print error to STDERR\n    echo \"error: The sandbox is not in sync with the Podfile.lock. Run 'pod install' or update your CocoaPods installation.\" >&2\n    exit 1\nfi\n# This output is used by Xcode 'outputs' to avoid re-running this script phase.\necho \"SUCCESS\" > \"${SCRIPT_OUTPUT_FILE_0}\"\n";
			showEnvVarsInLog = 0;
		};
		AAEC6374D5FD8AF76606F255 /* [CP] Embed Pods Frameworks */ = {
			isa = PBXShellScriptBuildPhase;
			buildActionMask = 2147483647;
			files = (
			);
			inputFileListPaths = (
				"${PODS_ROOT}/Target Support Files/Pods-VIPPattern-VIPPatternUITests/Pods-VIPPattern-VIPPatternUITests-frameworks-${CONFIGURATION}-input-files.xcfilelist",
			);
			name = "[CP] Embed Pods Frameworks";
			outputFileListPaths = (
				"${PODS_ROOT}/Target Support Files/Pods-VIPPattern-VIPPatternUITests/Pods-VIPPattern-VIPPatternUITests-frameworks-${CONFIGURATION}-output-files.xcfilelist",
			);
			runOnlyForDeploymentPostprocessing = 0;
			shellPath = /bin/sh;
			shellScript = "\"${PODS_ROOT}/Target Support Files/Pods-VIPPattern-VIPPatternUITests/Pods-VIPPattern-VIPPatternUITests-frameworks.sh\"\n";
			showEnvVarsInLog = 0;
		};
		CB2CE3A09F24B3EA19650EFE /* [CP] Embed Pods Frameworks */ = {
			isa = PBXShellScriptBuildPhase;
			buildActionMask = 2147483647;
			files = (
			);
			inputFileListPaths = (
				"${PODS_ROOT}/Target Support Files/Pods-VIPPattern/Pods-VIPPattern-frameworks-${CONFIGURATION}-input-files.xcfilelist",
			);
			name = "[CP] Embed Pods Frameworks";
			outputFileListPaths = (
				"${PODS_ROOT}/Target Support Files/Pods-VIPPattern/Pods-VIPPattern-frameworks-${CONFIGURATION}-output-files.xcfilelist",
			);
			runOnlyForDeploymentPostprocessing = 0;
			shellPath = /bin/sh;
			shellScript = "\"${PODS_ROOT}/Target Support Files/Pods-VIPPattern/Pods-VIPPattern-frameworks.sh\"\n";
			showEnvVarsInLog = 0;
		};
		EAAC8E5C9CC89CA08D6A4CAC /* [CP] Check Pods Manifest.lock */ = {
			isa = PBXShellScriptBuildPhase;
			buildActionMask = 2147483647;
			files = (
			);
			inputFileListPaths = (
			);
			inputPaths = (
				"${PODS_PODFILE_DIR_PATH}/Podfile.lock",
				"${PODS_ROOT}/Manifest.lock",
			);
			name = "[CP] Check Pods Manifest.lock";
			outputFileListPaths = (
			);
			outputPaths = (
				"$(DERIVED_FILE_DIR)/Pods-VIPPattern-checkManifestLockResult.txt",
			);
			runOnlyForDeploymentPostprocessing = 0;
			shellPath = /bin/sh;
			shellScript = "diff \"${PODS_PODFILE_DIR_PATH}/Podfile.lock\" \"${PODS_ROOT}/Manifest.lock\" > /dev/null\nif [ $? != 0 ] ; then\n    # print error to STDERR\n    echo \"error: The sandbox is not in sync with the Podfile.lock. Run 'pod install' or update your CocoaPods installation.\" >&2\n    exit 1\nfi\n# This output is used by Xcode 'outputs' to avoid re-running this script phase.\necho \"SUCCESS\" > \"${SCRIPT_OUTPUT_FILE_0}\"\n";
			showEnvVarsInLog = 0;
		};
/* End PBXShellScriptBuildPhase section */

/* Begin PBXSourcesBuildPhase section */
		8C6BDC2B283CE71F00A96ED4 /* Sources */ = {
			isa = PBXSourcesBuildPhase;
			buildActionMask = 2147483647;
			files = (
				8C6BDC7B283D2F3100A96ED4 /* Dependencies.swift in Sources */,
				8C6BDD92283F83A800A96ED4 /* MyError.swift in Sources */,
				8C6BDD72283E019500A96ED4 /* MyProjectsRouter.swift in Sources */,
				8C6BDD64283DFB6800A96ED4 /* HomeViewController.swift in Sources */,
				8C6BDC8C283D53CC00A96ED4 /* RegistrationPresenter.swift in Sources */,
				8C81414C283FD4C000E7AB43 /* FirestoreService.swift in Sources */,
				8C6BDD67283DFB6800A96ED4 /* HomeConfigurator.swift in Sources */,
				8C6BDD62283DFB6800A96ED4 /* HomePresenter.swift in Sources */,
				8C6BDD68283DFB6800A96ED4 /* HomeFlowCoordinator.swift in Sources */,
				8C6BDD58283DF9E700A96ED4 /* TabBarConfigurator.swift in Sources */,
				8C6BDC73283CF24A00A96ED4 /* LoginPresenter.swift in Sources */,
				8C6BDD76283E019500A96ED4 /* MyProjectsConfigurator.swift in Sources */,
				8C6BDD84283E031E00A96ED4 /* ConversationsView.swift in Sources */,
				8C6BDD74283E019500A96ED4 /* MyProjectsInteractor.swift in Sources */,
				8C6BDC6F283CF23600A96ED4 /* LoginConfigurator.swift in Sources */,
				8C6BDD73283E019500A96ED4 /* MyProjectsViewController.swift in Sources */,
				8C6BDC75283CF25000A96ED4 /* LoginRouter.swift in Sources */,
				8C6BDC89283D53C200A96ED4 /* RegistrationFlowCoordinator.swift in Sources */,
				8C6BDC6A283CEB1400A96ED4 /* FlowCoordinator.swift in Sources */,
				8C6BDD83283E031E00A96ED4 /* ConversationsInteractor.swift in Sources */,
				8C6BDC71283CF24000A96ED4 /* LoginInteractor.swift in Sources */,
				8C6BDC8B283D53CA00A96ED4 /* RegistrationInteractor.swift in Sources */,
				8C6BDD85283E031E00A96ED4 /* ConversationsConfigurator.swift in Sources */,
				8C6BDD81283E031E00A96ED4 /* ConversationsRouter.swift in Sources */,
				8C6BDD54283DF9E700A96ED4 /* TabBarRouter.swift in Sources */,
				8C81414E283FD8B800E7AB43 /* User.swift in Sources */,
				8C6BDD59283DF9E700A96ED4 /* TabBarFlowCoordinator.swift in Sources */,
				8C6BDD77283E019500A96ED4 /* MyProjectsFlowCoordinator.swift in Sources */,
				8C6BDC8A283D53C700A96ED4 /* RegistrationConfigurator.swift in Sources */,
				8C6BDC8D283D53D000A96ED4 /* RegistrationRouter.swift in Sources */,
				8C6BDD65283DFB6800A96ED4 /* HomeInteractor.swift in Sources */,
				8C6BDC68283CE99100A96ED4 /* AppFlowCoordinator.swift in Sources */,
				8C6BDD80283E031E00A96ED4 /* ConversationsPresenter.swift in Sources */,
				8C6BDD63283DFB6800A96ED4 /* HomeRouter.swift in Sources */,
				8C814146283FA5BC00E7AB43 /* ProfileViewController.swift in Sources */,
				8C6BDC7D283D31B600A96ED4 /* KeychainService.swift in Sources */,
				8C6BDD82283E031E00A96ED4 /* ConversationsViewController.swift in Sources */,
				8C6BDD86283E031E00A96ED4 /* ConversationsFlowCoordinator.swift in Sources */,
				8C814151283FDB0B00E7AB43 /* UserRepository.swift in Sources */,
				8C6BDD75283E019500A96ED4 /* MyProjectsView.swift in Sources */,
				8C6BDC33283CE71F00A96ED4 /* AppDelegate.swift in Sources */,
				8C6BDD71283E019500A96ED4 /* MyProjectsPresenter.swift in Sources */,
				8C6BDD98283F89A600A96ED4 /* UIViewController+Extension.swift in Sources */,
				8C814149283FA5BC00E7AB43 /* ProfileConfigurator.swift in Sources */,
				8C6BDD55283DF9E700A96ED4 /* TabBarViewController.swift in Sources */,
				8C814145283FA5BC00E7AB43 /* ProfileRouter.swift in Sources */,
				8C814148283FA5BC00E7AB43 /* ProfileView.swift in Sources */,
				8C6BDD8A283E246900A96ED4 /* HomeTableViewCell.swift in Sources */,
				8C6BDD8F283F7D9100A96ED4 /* AuthenticationService.swift in Sources */,
				8C6BDC6C283CEDB100A96ED4 /* MainFlowCoordinator.swift in Sources */,
				8C6BDC7F283D34B500A96ED4 /* LoginFlowCoordinator.swift in Sources */,
				8C814144283FA5BC00E7AB43 /* ProfilePresenter.swift in Sources */,
				8C81414A283FA5BC00E7AB43 /* ProfileFlowCoordinator.swift in Sources */,
				8C6BDD66283DFB6800A96ED4 /* HomeView.swift in Sources */,
				8C6BDC77283CF26A00A96ED4 /* LoginView.swift in Sources */,
				8C6BDC35283CE71F00A96ED4 /* SceneDelegate.swift in Sources */,
				8C6BDC8F283D53D500A96ED4 /* RegistrationViewController.swift in Sources */,
				8C6BDC79283CF27400A96ED4 /* LoginViewController.swift in Sources */,
				8C814147283FA5BC00E7AB43 /* ProfileInteractor.swift in Sources */,
				8C6BDC8E283D53D200A96ED4 /* RegistrationView.swift in Sources */,
			);
			runOnlyForDeploymentPostprocessing = 0;
		};
		8C6BDC41283CE72100A96ED4 /* Sources */ = {
			isa = PBXSourcesBuildPhase;
			buildActionMask = 2147483647;
			files = (
				8C6BDC4A283CE72100A96ED4 /* VIPPatternTests.swift in Sources */,
			);
			runOnlyForDeploymentPostprocessing = 0;
		};
		8C6BDC4B283CE72100A96ED4 /* Sources */ = {
			isa = PBXSourcesBuildPhase;
			buildActionMask = 2147483647;
			files = (
				8C6BDC54283CE72100A96ED4 /* VIPPatternUITests.swift in Sources */,
				8C6BDC56283CE72100A96ED4 /* VIPPatternUITestsLaunchTests.swift in Sources */,
			);
			runOnlyForDeploymentPostprocessing = 0;
		};
/* End PBXSourcesBuildPhase section */

/* Begin PBXTargetDependency section */
		8C6BDC47283CE72100A96ED4 /* PBXTargetDependency */ = {
			isa = PBXTargetDependency;
			target = 8C6BDC2E283CE71F00A96ED4 /* VIPPattern */;
			targetProxy = 8C6BDC46283CE72100A96ED4 /* PBXContainerItemProxy */;
		};
		8C6BDC51283CE72100A96ED4 /* PBXTargetDependency */ = {
			isa = PBXTargetDependency;
			target = 8C6BDC2E283CE71F00A96ED4 /* VIPPattern */;
			targetProxy = 8C6BDC50283CE72100A96ED4 /* PBXContainerItemProxy */;
		};
/* End PBXTargetDependency section */

/* Begin PBXVariantGroup section */
		8C6BDC3D283CE72100A96ED4 /* LaunchScreen.storyboard */ = {
			isa = PBXVariantGroup;
			children = (
				8C6BDC3E283CE72100A96ED4 /* Base */,
			);
			name = LaunchScreen.storyboard;
			sourceTree = "<group>";
		};
/* End PBXVariantGroup section */

/* Begin XCBuildConfiguration section */
		8C6BDC57283CE72100A96ED4 /* Debug */ = {
			isa = XCBuildConfiguration;
			buildSettings = {
				ALWAYS_SEARCH_USER_PATHS = NO;
				CLANG_ANALYZER_NONNULL = YES;
				CLANG_ANALYZER_NUMBER_OBJECT_CONVERSION = YES_AGGRESSIVE;
				CLANG_CXX_LANGUAGE_STANDARD = "gnu++17";
				CLANG_ENABLE_MODULES = YES;
				CLANG_ENABLE_OBJC_ARC = YES;
				CLANG_ENABLE_OBJC_WEAK = YES;
				CLANG_WARN_BLOCK_CAPTURE_AUTORELEASING = YES;
				CLANG_WARN_BOOL_CONVERSION = YES;
				CLANG_WARN_COMMA = YES;
				CLANG_WARN_CONSTANT_CONVERSION = YES;
				CLANG_WARN_DEPRECATED_OBJC_IMPLEMENTATIONS = YES;
				CLANG_WARN_DIRECT_OBJC_ISA_USAGE = YES_ERROR;
				CLANG_WARN_DOCUMENTATION_COMMENTS = YES;
				CLANG_WARN_EMPTY_BODY = YES;
				CLANG_WARN_ENUM_CONVERSION = YES;
				CLANG_WARN_INFINITE_RECURSION = YES;
				CLANG_WARN_INT_CONVERSION = YES;
				CLANG_WARN_NON_LITERAL_NULL_CONVERSION = YES;
				CLANG_WARN_OBJC_IMPLICIT_RETAIN_SELF = YES;
				CLANG_WARN_OBJC_LITERAL_CONVERSION = YES;
				CLANG_WARN_OBJC_ROOT_CLASS = YES_ERROR;
				CLANG_WARN_QUOTED_INCLUDE_IN_FRAMEWORK_HEADER = YES;
				CLANG_WARN_RANGE_LOOP_ANALYSIS = YES;
				CLANG_WARN_STRICT_PROTOTYPES = YES;
				CLANG_WARN_SUSPICIOUS_MOVE = YES;
				CLANG_WARN_UNGUARDED_AVAILABILITY = YES_AGGRESSIVE;
				CLANG_WARN_UNREACHABLE_CODE = YES;
				CLANG_WARN__DUPLICATE_METHOD_MATCH = YES;
				COPY_PHASE_STRIP = NO;
				DEBUG_INFORMATION_FORMAT = dwarf;
				ENABLE_STRICT_OBJC_MSGSEND = YES;
				ENABLE_TESTABILITY = YES;
				GCC_C_LANGUAGE_STANDARD = gnu11;
				GCC_DYNAMIC_NO_PIC = NO;
				GCC_NO_COMMON_BLOCKS = YES;
				GCC_OPTIMIZATION_LEVEL = 0;
				GCC_PREPROCESSOR_DEFINITIONS = (
					"DEBUG=1",
					"$(inherited)",
				);
				GCC_WARN_64_TO_32_BIT_CONVERSION = YES;
				GCC_WARN_ABOUT_RETURN_TYPE = YES_ERROR;
				GCC_WARN_UNDECLARED_SELECTOR = YES;
				GCC_WARN_UNINITIALIZED_AUTOS = YES_AGGRESSIVE;
				GCC_WARN_UNUSED_FUNCTION = YES;
				GCC_WARN_UNUSED_VARIABLE = YES;
				IPHONEOS_DEPLOYMENT_TARGET = 15.4;
				MTL_ENABLE_DEBUG_INFO = INCLUDE_SOURCE;
				MTL_FAST_MATH = YES;
				ONLY_ACTIVE_ARCH = YES;
				SDKROOT = iphoneos;
				SWIFT_ACTIVE_COMPILATION_CONDITIONS = DEBUG;
				SWIFT_OPTIMIZATION_LEVEL = "-Onone";
			};
			name = Debug;
		};
		8C6BDC58283CE72100A96ED4 /* Release */ = {
			isa = XCBuildConfiguration;
			buildSettings = {
				ALWAYS_SEARCH_USER_PATHS = NO;
				CLANG_ANALYZER_NONNULL = YES;
				CLANG_ANALYZER_NUMBER_OBJECT_CONVERSION = YES_AGGRESSIVE;
				CLANG_CXX_LANGUAGE_STANDARD = "gnu++17";
				CLANG_ENABLE_MODULES = YES;
				CLANG_ENABLE_OBJC_ARC = YES;
				CLANG_ENABLE_OBJC_WEAK = YES;
				CLANG_WARN_BLOCK_CAPTURE_AUTORELEASING = YES;
				CLANG_WARN_BOOL_CONVERSION = YES;
				CLANG_WARN_COMMA = YES;
				CLANG_WARN_CONSTANT_CONVERSION = YES;
				CLANG_WARN_DEPRECATED_OBJC_IMPLEMENTATIONS = YES;
				CLANG_WARN_DIRECT_OBJC_ISA_USAGE = YES_ERROR;
				CLANG_WARN_DOCUMENTATION_COMMENTS = YES;
				CLANG_WARN_EMPTY_BODY = YES;
				CLANG_WARN_ENUM_CONVERSION = YES;
				CLANG_WARN_INFINITE_RECURSION = YES;
				CLANG_WARN_INT_CONVERSION = YES;
				CLANG_WARN_NON_LITERAL_NULL_CONVERSION = YES;
				CLANG_WARN_OBJC_IMPLICIT_RETAIN_SELF = YES;
				CLANG_WARN_OBJC_LITERAL_CONVERSION = YES;
				CLANG_WARN_OBJC_ROOT_CLASS = YES_ERROR;
				CLANG_WARN_QUOTED_INCLUDE_IN_FRAMEWORK_HEADER = YES;
				CLANG_WARN_RANGE_LOOP_ANALYSIS = YES;
				CLANG_WARN_STRICT_PROTOTYPES = YES;
				CLANG_WARN_SUSPICIOUS_MOVE = YES;
				CLANG_WARN_UNGUARDED_AVAILABILITY = YES_AGGRESSIVE;
				CLANG_WARN_UNREACHABLE_CODE = YES;
				CLANG_WARN__DUPLICATE_METHOD_MATCH = YES;
				COPY_PHASE_STRIP = NO;
				DEBUG_INFORMATION_FORMAT = "dwarf-with-dsym";
				ENABLE_NS_ASSERTIONS = NO;
				ENABLE_STRICT_OBJC_MSGSEND = YES;
				GCC_C_LANGUAGE_STANDARD = gnu11;
				GCC_NO_COMMON_BLOCKS = YES;
				GCC_WARN_64_TO_32_BIT_CONVERSION = YES;
				GCC_WARN_ABOUT_RETURN_TYPE = YES_ERROR;
				GCC_WARN_UNDECLARED_SELECTOR = YES;
				GCC_WARN_UNINITIALIZED_AUTOS = YES_AGGRESSIVE;
				GCC_WARN_UNUSED_FUNCTION = YES;
				GCC_WARN_UNUSED_VARIABLE = YES;
				IPHONEOS_DEPLOYMENT_TARGET = 15.4;
				MTL_ENABLE_DEBUG_INFO = NO;
				MTL_FAST_MATH = YES;
				SDKROOT = iphoneos;
				SWIFT_COMPILATION_MODE = wholemodule;
				SWIFT_OPTIMIZATION_LEVEL = "-O";
				VALIDATE_PRODUCT = YES;
			};
			name = Release;
		};
		8C6BDC5A283CE72100A96ED4 /* Debug */ = {
			isa = XCBuildConfiguration;
			baseConfigurationReference = DA29FF392958C526D06EADA7 /* Pods-VIPPattern.debug.xcconfig */;
			buildSettings = {
				ASSETCATALOG_COMPILER_APPICON_NAME = AppIcon;
				ASSETCATALOG_COMPILER_GLOBAL_ACCENT_COLOR_NAME = AccentColor;
				CODE_SIGN_STYLE = Automatic;
				CURRENT_PROJECT_VERSION = 1;
				DEVELOPMENT_TEAM = P675Y7Z4V8;
				GENERATE_INFOPLIST_FILE = YES;
				INFOPLIST_FILE = VIPPattern/SupportingFiles/Info.plist;
				INFOPLIST_KEY_UIApplicationSupportsIndirectInputEvents = YES;
				INFOPLIST_KEY_UILaunchStoryboardName = LaunchScreen;
				INFOPLIST_KEY_UISupportedInterfaceOrientations_iPad = "UIInterfaceOrientationPortrait UIInterfaceOrientationPortraitUpsideDown UIInterfaceOrientationLandscapeLeft UIInterfaceOrientationLandscapeRight";
				INFOPLIST_KEY_UISupportedInterfaceOrientations_iPhone = "UIInterfaceOrientationPortrait UIInterfaceOrientationLandscapeLeft UIInterfaceOrientationLandscapeRight";
				IPHONEOS_DEPLOYMENT_TARGET = 14.0;
				LD_RUNPATH_SEARCH_PATHS = (
					"$(inherited)",
					"@executable_path/Frameworks",
				);
				MARKETING_VERSION = 1.0;
				PRODUCT_BUNDLE_IDENTIFIER = dmartan.VIPPattern;
				PRODUCT_NAME = "$(TARGET_NAME)";
				SWIFT_EMIT_LOC_STRINGS = YES;
				SWIFT_VERSION = 5.0;
				TARGETED_DEVICE_FAMILY = "1,2";
			};
			name = Debug;
		};
		8C6BDC5B283CE72100A96ED4 /* Release */ = {
			isa = XCBuildConfiguration;
			baseConfigurationReference = 576328C4874884D3E189A19F /* Pods-VIPPattern.release.xcconfig */;
			buildSettings = {
				ASSETCATALOG_COMPILER_APPICON_NAME = AppIcon;
				ASSETCATALOG_COMPILER_GLOBAL_ACCENT_COLOR_NAME = AccentColor;
				CODE_SIGN_STYLE = Automatic;
				CURRENT_PROJECT_VERSION = 1;
				DEVELOPMENT_TEAM = P675Y7Z4V8;
				GENERATE_INFOPLIST_FILE = YES;
				INFOPLIST_FILE = VIPPattern/SupportingFiles/Info.plist;
				INFOPLIST_KEY_UIApplicationSupportsIndirectInputEvents = YES;
				INFOPLIST_KEY_UILaunchStoryboardName = LaunchScreen;
				INFOPLIST_KEY_UISupportedInterfaceOrientations_iPad = "UIInterfaceOrientationPortrait UIInterfaceOrientationPortraitUpsideDown UIInterfaceOrientationLandscapeLeft UIInterfaceOrientationLandscapeRight";
				INFOPLIST_KEY_UISupportedInterfaceOrientations_iPhone = "UIInterfaceOrientationPortrait UIInterfaceOrientationLandscapeLeft UIInterfaceOrientationLandscapeRight";
				IPHONEOS_DEPLOYMENT_TARGET = 14.0;
				LD_RUNPATH_SEARCH_PATHS = (
					"$(inherited)",
					"@executable_path/Frameworks",
				);
				MARKETING_VERSION = 1.0;
				PRODUCT_BUNDLE_IDENTIFIER = dmartan.VIPPattern;
				PRODUCT_NAME = "$(TARGET_NAME)";
				SWIFT_EMIT_LOC_STRINGS = YES;
				SWIFT_VERSION = 5.0;
				TARGETED_DEVICE_FAMILY = "1,2";
			};
			name = Release;
		};
		8C6BDC5D283CE72100A96ED4 /* Debug */ = {
			isa = XCBuildConfiguration;
			baseConfigurationReference = 309D14FBD68C880C88B35817 /* Pods-VIPPatternTests.debug.xcconfig */;
			buildSettings = {
				ALWAYS_EMBED_SWIFT_STANDARD_LIBRARIES = YES;
				BUNDLE_LOADER = "$(TEST_HOST)";
				CODE_SIGN_STYLE = Automatic;
				CURRENT_PROJECT_VERSION = 1;
				DEVELOPMENT_TEAM = BJ594TGT93;
				GENERATE_INFOPLIST_FILE = YES;
				IPHONEOS_DEPLOYMENT_TARGET = 15.4;
				MARKETING_VERSION = 1.0;
				PRODUCT_BUNDLE_IDENTIFIER = com.ingemark.martan.dino.VIPPatternTests;
				PRODUCT_NAME = "$(TARGET_NAME)";
				SWIFT_EMIT_LOC_STRINGS = NO;
				SWIFT_VERSION = 5.0;
				TARGETED_DEVICE_FAMILY = "1,2";
				TEST_HOST = "$(BUILT_PRODUCTS_DIR)/VIPPattern.app/VIPPattern";
			};
			name = Debug;
		};
		8C6BDC5E283CE72100A96ED4 /* Release */ = {
			isa = XCBuildConfiguration;
			baseConfigurationReference = E6B278D7BDA81285949465DA /* Pods-VIPPatternTests.release.xcconfig */;
			buildSettings = {
				ALWAYS_EMBED_SWIFT_STANDARD_LIBRARIES = YES;
				BUNDLE_LOADER = "$(TEST_HOST)";
				CODE_SIGN_STYLE = Automatic;
				CURRENT_PROJECT_VERSION = 1;
				DEVELOPMENT_TEAM = BJ594TGT93;
				GENERATE_INFOPLIST_FILE = YES;
				IPHONEOS_DEPLOYMENT_TARGET = 15.4;
				MARKETING_VERSION = 1.0;
				PRODUCT_BUNDLE_IDENTIFIER = com.ingemark.martan.dino.VIPPatternTests;
				PRODUCT_NAME = "$(TARGET_NAME)";
				SWIFT_EMIT_LOC_STRINGS = NO;
				SWIFT_VERSION = 5.0;
				TARGETED_DEVICE_FAMILY = "1,2";
				TEST_HOST = "$(BUILT_PRODUCTS_DIR)/VIPPattern.app/VIPPattern";
			};
			name = Release;
		};
		8C6BDC60283CE72100A96ED4 /* Debug */ = {
			isa = XCBuildConfiguration;
			baseConfigurationReference = 1C7819488E848DAEC2CAE210 /* Pods-VIPPattern-VIPPatternUITests.debug.xcconfig */;
			buildSettings = {
				ALWAYS_EMBED_SWIFT_STANDARD_LIBRARIES = YES;
				CODE_SIGN_STYLE = Automatic;
				CURRENT_PROJECT_VERSION = 1;
				DEVELOPMENT_TEAM = BJ594TGT93;
				GENERATE_INFOPLIST_FILE = YES;
				MARKETING_VERSION = 1.0;
				PRODUCT_BUNDLE_IDENTIFIER = com.ingemark.martan.dino.VIPPatternUITests;
				PRODUCT_NAME = "$(TARGET_NAME)";
				SWIFT_EMIT_LOC_STRINGS = NO;
				SWIFT_VERSION = 5.0;
				TARGETED_DEVICE_FAMILY = "1,2";
				TEST_TARGET_NAME = VIPPattern;
			};
			name = Debug;
		};
		8C6BDC61283CE72100A96ED4 /* Release */ = {
			isa = XCBuildConfiguration;
			baseConfigurationReference = A30803D977BC4D2488FF6532 /* Pods-VIPPattern-VIPPatternUITests.release.xcconfig */;
			buildSettings = {
				ALWAYS_EMBED_SWIFT_STANDARD_LIBRARIES = YES;
				CODE_SIGN_STYLE = Automatic;
				CURRENT_PROJECT_VERSION = 1;
				DEVELOPMENT_TEAM = BJ594TGT93;
				GENERATE_INFOPLIST_FILE = YES;
				MARKETING_VERSION = 1.0;
				PRODUCT_BUNDLE_IDENTIFIER = com.ingemark.martan.dino.VIPPatternUITests;
				PRODUCT_NAME = "$(TARGET_NAME)";
				SWIFT_EMIT_LOC_STRINGS = NO;
				SWIFT_VERSION = 5.0;
				TARGETED_DEVICE_FAMILY = "1,2";
				TEST_TARGET_NAME = VIPPattern;
			};
			name = Release;
		};
/* End XCBuildConfiguration section */

/* Begin XCConfigurationList section */
		8C6BDC2A283CE71F00A96ED4 /* Build configuration list for PBXProject "VIPPattern" */ = {
			isa = XCConfigurationList;
			buildConfigurations = (
				8C6BDC57283CE72100A96ED4 /* Debug */,
				8C6BDC58283CE72100A96ED4 /* Release */,
			);
			defaultConfigurationIsVisible = 0;
			defaultConfigurationName = Release;
		};
		8C6BDC59283CE72100A96ED4 /* Build configuration list for PBXNativeTarget "VIPPattern" */ = {
			isa = XCConfigurationList;
			buildConfigurations = (
				8C6BDC5A283CE72100A96ED4 /* Debug */,
				8C6BDC5B283CE72100A96ED4 /* Release */,
			);
			defaultConfigurationIsVisible = 0;
			defaultConfigurationName = Release;
		};
		8C6BDC5C283CE72100A96ED4 /* Build configuration list for PBXNativeTarget "VIPPatternTests" */ = {
			isa = XCConfigurationList;
			buildConfigurations = (
				8C6BDC5D283CE72100A96ED4 /* Debug */,
				8C6BDC5E283CE72100A96ED4 /* Release */,
			);
			defaultConfigurationIsVisible = 0;
			defaultConfigurationName = Release;
		};
		8C6BDC5F283CE72100A96ED4 /* Build configuration list for PBXNativeTarget "VIPPatternUITests" */ = {
			isa = XCConfigurationList;
			buildConfigurations = (
				8C6BDC60283CE72100A96ED4 /* Debug */,
				8C6BDC61283CE72100A96ED4 /* Release */,
			);
			defaultConfigurationIsVisible = 0;
			defaultConfigurationName = Release;
		};
/* End XCConfigurationList section */
	};
	rootObject = 8C6BDC27283CE71F00A96ED4 /* Project object */;
}
