// !$*UTF8*$!
{
	archiveVersion = 1;
	classes = {
	};
	objectVersion = 55;
	objects = {

/* Begin PBXBuildFile section */
		8C445E492855E9A80023CF41 /* RegistrationPresenterTests.swift in Sources */ = {isa = PBXBuildFile; fileRef = 8C445E482855E9A80023CF41 /* RegistrationPresenterTests.swift */; };
		8C445E4B2855EA280023CF41 /* RegistrationViewControllerMock.swift in Sources */ = {isa = PBXBuildFile; fileRef = 8C445E4A2855EA280023CF41 /* RegistrationViewControllerMock.swift */; };
		8C6BDC33283CE71F00A96ED4 /* AppDelegate.swift in Sources */ = {isa = PBXBuildFile; fileRef = 8C6BDC32283CE71F00A96ED4 /* AppDelegate.swift */; };
		8C6BDC35283CE71F00A96ED4 /* SceneDelegate.swift in Sources */ = {isa = PBXBuildFile; fileRef = 8C6BDC34283CE71F00A96ED4 /* SceneDelegate.swift */; };
		8C6BDC3C283CE72100A96ED4 /* Assets.xcassets in Resources */ = {isa = PBXBuildFile; fileRef = 8C6BDC3B283CE72100A96ED4 /* Assets.xcassets */; };
		8C6BDC3F283CE72100A96ED4 /* LaunchScreen.storyboard in Resources */ = {isa = PBXBuildFile; fileRef = 8C6BDC3D283CE72100A96ED4 /* LaunchScreen.storyboard */; };
		8C6BDC68283CE99100A96ED4 /* AppFlowCoordinator.swift in Sources */ = {isa = PBXBuildFile; fileRef = 8C6BDC67283CE99100A96ED4 /* AppFlowCoordinator.swift */; };
		8C6BDC6A283CEB1400A96ED4 /* FlowCoordinator.swift in Sources */ = {isa = PBXBuildFile; fileRef = 8C6BDC69283CEB1400A96ED4 /* FlowCoordinator.swift */; };
		8C6BDC6C283CEDB100A96ED4 /* MainFlowCoordinator.swift in Sources */ = {isa = PBXBuildFile; fileRef = 8C6BDC6B283CEDB100A96ED4 /* MainFlowCoordinator.swift */; };
		8C6BDC6F283CF23600A96ED4 /* LoginConfigurator.swift in Sources */ = {isa = PBXBuildFile; fileRef = 8C6BDC6E283CF23600A96ED4 /* LoginConfigurator.swift */; };
		8C6BDC71283CF24000A96ED4 /* LoginInteractor.swift in Sources */ = {isa = PBXBuildFile; fileRef = 8C6BDC70283CF24000A96ED4 /* LoginInteractor.swift */; };
		8C6BDC73283CF24A00A96ED4 /* LoginPresenter.swift in Sources */ = {isa = PBXBuildFile; fileRef = 8C6BDC72283CF24A00A96ED4 /* LoginPresenter.swift */; };
		8C6BDC75283CF25000A96ED4 /* LoginRouter.swift in Sources */ = {isa = PBXBuildFile; fileRef = 8C6BDC74283CF25000A96ED4 /* LoginRouter.swift */; };
		8C6BDC77283CF26A00A96ED4 /* LoginView.swift in Sources */ = {isa = PBXBuildFile; fileRef = 8C6BDC76283CF26A00A96ED4 /* LoginView.swift */; };
		8C6BDC79283CF27400A96ED4 /* LoginViewController.swift in Sources */ = {isa = PBXBuildFile; fileRef = 8C6BDC78283CF27400A96ED4 /* LoginViewController.swift */; };
		8C6BDC7B283D2F3100A96ED4 /* Dependencies.swift in Sources */ = {isa = PBXBuildFile; fileRef = 8C6BDC7A283D2F3100A96ED4 /* Dependencies.swift */; };
		8C6BDC7D283D31B600A96ED4 /* KeychainService.swift in Sources */ = {isa = PBXBuildFile; fileRef = 8C6BDC7C283D31B600A96ED4 /* KeychainService.swift */; };
		8C6BDC7F283D34B500A96ED4 /* LoginFlowCoordinator.swift in Sources */ = {isa = PBXBuildFile; fileRef = 8C6BDC7E283D34B500A96ED4 /* LoginFlowCoordinator.swift */; };
		8C6BDC89283D53C200A96ED4 /* RegistrationFlowCoordinator.swift in Sources */ = {isa = PBXBuildFile; fileRef = 8C6BDC85283D3C1C00A96ED4 /* RegistrationFlowCoordinator.swift */; };
		8C6BDC8A283D53C700A96ED4 /* RegistrationConfigurator.swift in Sources */ = {isa = PBXBuildFile; fileRef = 8C6BDC88283D3C1C00A96ED4 /* RegistrationConfigurator.swift */; };
		8C6BDC8B283D53CA00A96ED4 /* RegistrationInteractor.swift in Sources */ = {isa = PBXBuildFile; fileRef = 8C6BDC87283D3C1C00A96ED4 /* RegistrationInteractor.swift */; };
		8C6BDC8C283D53CC00A96ED4 /* RegistrationPresenter.swift in Sources */ = {isa = PBXBuildFile; fileRef = 8C6BDC83283D3C1C00A96ED4 /* RegistrationPresenter.swift */; };
		8C6BDC8D283D53D000A96ED4 /* RegistrationRouter.swift in Sources */ = {isa = PBXBuildFile; fileRef = 8C6BDC84283D3C1C00A96ED4 /* RegistrationRouter.swift */; };
		8C6BDC8E283D53D200A96ED4 /* RegistrationView.swift in Sources */ = {isa = PBXBuildFile; fileRef = 8C6BDC82283D3C1C00A96ED4 /* RegistrationView.swift */; };
		8C6BDC8F283D53D500A96ED4 /* RegistrationViewController.swift in Sources */ = {isa = PBXBuildFile; fileRef = 8C6BDC86283D3C1C00A96ED4 /* RegistrationViewController.swift */; };
		8C6BDD54283DF9E700A96ED4 /* TabBarRouter.swift in Sources */ = {isa = PBXBuildFile; fileRef = 8C6BDD4D283DF9E700A96ED4 /* TabBarRouter.swift */; };
		8C6BDD55283DF9E700A96ED4 /* TabBarViewController.swift in Sources */ = {isa = PBXBuildFile; fileRef = 8C6BDD4E283DF9E700A96ED4 /* TabBarViewController.swift */; };
		8C6BDD58283DF9E700A96ED4 /* TabBarConfigurator.swift in Sources */ = {isa = PBXBuildFile; fileRef = 8C6BDD51283DF9E700A96ED4 /* TabBarConfigurator.swift */; };
		8C6BDD59283DF9E700A96ED4 /* TabBarFlowCoordinator.swift in Sources */ = {isa = PBXBuildFile; fileRef = 8C6BDD52283DF9E700A96ED4 /* TabBarFlowCoordinator.swift */; };
		8C6BDD62283DFB6800A96ED4 /* HomePresenter.swift in Sources */ = {isa = PBXBuildFile; fileRef = 8C6BDD5B283DFB6800A96ED4 /* HomePresenter.swift */; };
		8C6BDD63283DFB6800A96ED4 /* HomeRouter.swift in Sources */ = {isa = PBXBuildFile; fileRef = 8C6BDD5C283DFB6800A96ED4 /* HomeRouter.swift */; };
		8C6BDD64283DFB6800A96ED4 /* HomeViewController.swift in Sources */ = {isa = PBXBuildFile; fileRef = 8C6BDD5D283DFB6800A96ED4 /* HomeViewController.swift */; };
		8C6BDD65283DFB6800A96ED4 /* HomeInteractor.swift in Sources */ = {isa = PBXBuildFile; fileRef = 8C6BDD5E283DFB6800A96ED4 /* HomeInteractor.swift */; };
		8C6BDD66283DFB6800A96ED4 /* HomeView.swift in Sources */ = {isa = PBXBuildFile; fileRef = 8C6BDD5F283DFB6800A96ED4 /* HomeView.swift */; };
		8C6BDD67283DFB6800A96ED4 /* HomeConfigurator.swift in Sources */ = {isa = PBXBuildFile; fileRef = 8C6BDD60283DFB6800A96ED4 /* HomeConfigurator.swift */; };
		8C6BDD68283DFB6800A96ED4 /* HomeFlowCoordinator.swift in Sources */ = {isa = PBXBuildFile; fileRef = 8C6BDD61283DFB6800A96ED4 /* HomeFlowCoordinator.swift */; };
		8C6BDD71283E019500A96ED4 /* MyProjectsPresenter.swift in Sources */ = {isa = PBXBuildFile; fileRef = 8C6BDD6A283E019500A96ED4 /* MyProjectsPresenter.swift */; };
		8C6BDD72283E019500A96ED4 /* MyProjectsRouter.swift in Sources */ = {isa = PBXBuildFile; fileRef = 8C6BDD6B283E019500A96ED4 /* MyProjectsRouter.swift */; };
		8C6BDD73283E019500A96ED4 /* MyProjectsViewController.swift in Sources */ = {isa = PBXBuildFile; fileRef = 8C6BDD6C283E019500A96ED4 /* MyProjectsViewController.swift */; };
		8C6BDD74283E019500A96ED4 /* MyProjectsInteractor.swift in Sources */ = {isa = PBXBuildFile; fileRef = 8C6BDD6D283E019500A96ED4 /* MyProjectsInteractor.swift */; };
		8C6BDD75283E019500A96ED4 /* MyProjectsView.swift in Sources */ = {isa = PBXBuildFile; fileRef = 8C6BDD6E283E019500A96ED4 /* MyProjectsView.swift */; };
		8C6BDD76283E019500A96ED4 /* MyProjectsConfigurator.swift in Sources */ = {isa = PBXBuildFile; fileRef = 8C6BDD6F283E019500A96ED4 /* MyProjectsConfigurator.swift */; };
		8C6BDD77283E019500A96ED4 /* MyProjectsFlowCoordinator.swift in Sources */ = {isa = PBXBuildFile; fileRef = 8C6BDD70283E019500A96ED4 /* MyProjectsFlowCoordinator.swift */; };
		8C6BDD80283E031E00A96ED4 /* ConversationsPresenter.swift in Sources */ = {isa = PBXBuildFile; fileRef = 8C6BDD79283E031E00A96ED4 /* ConversationsPresenter.swift */; };
		8C6BDD81283E031E00A96ED4 /* ConversationsRouter.swift in Sources */ = {isa = PBXBuildFile; fileRef = 8C6BDD7A283E031E00A96ED4 /* ConversationsRouter.swift */; };
		8C6BDD82283E031E00A96ED4 /* ConversationsViewController.swift in Sources */ = {isa = PBXBuildFile; fileRef = 8C6BDD7B283E031E00A96ED4 /* ConversationsViewController.swift */; };
		8C6BDD83283E031E00A96ED4 /* ConversationsInteractor.swift in Sources */ = {isa = PBXBuildFile; fileRef = 8C6BDD7C283E031E00A96ED4 /* ConversationsInteractor.swift */; };
		8C6BDD84283E031E00A96ED4 /* ConversationsView.swift in Sources */ = {isa = PBXBuildFile; fileRef = 8C6BDD7D283E031E00A96ED4 /* ConversationsView.swift */; };
		8C6BDD85283E031E00A96ED4 /* ConversationsConfigurator.swift in Sources */ = {isa = PBXBuildFile; fileRef = 8C6BDD7E283E031E00A96ED4 /* ConversationsConfigurator.swift */; };
		8C6BDD86283E031E00A96ED4 /* ConversationsFlowCoordinator.swift in Sources */ = {isa = PBXBuildFile; fileRef = 8C6BDD7F283E031E00A96ED4 /* ConversationsFlowCoordinator.swift */; };
		8C6BDD8A283E246900A96ED4 /* HomeTableViewCell.swift in Sources */ = {isa = PBXBuildFile; fileRef = 8C6BDD88283E246900A96ED4 /* HomeTableViewCell.swift */; };
		8C6BDD8B283E246900A96ED4 /* HomeTableViewCell.xib in Resources */ = {isa = PBXBuildFile; fileRef = 8C6BDD89283E246900A96ED4 /* HomeTableViewCell.xib */; };
		8C6BDD8D283F7B9D00A96ED4 /* GoogleService-Info.plist in Resources */ = {isa = PBXBuildFile; fileRef = 8C6BDD8C283F7B9D00A96ED4 /* GoogleService-Info.plist */; };
		8C6BDD8F283F7D9100A96ED4 /* AuthenticationRepository.swift in Sources */ = {isa = PBXBuildFile; fileRef = 8C6BDD8E283F7D9100A96ED4 /* AuthenticationRepository.swift */; };
		8C6BDD92283F83A800A96ED4 /* MyError.swift in Sources */ = {isa = PBXBuildFile; fileRef = 8C6BDD91283F83A800A96ED4 /* MyError.swift */; };
		8C6BDD98283F89A600A96ED4 /* UIViewController+Extension.swift in Sources */ = {isa = PBXBuildFile; fileRef = 8C6BDD97283F89A600A96ED4 /* UIViewController+Extension.swift */; };
		8C814144283FA5BC00E7AB43 /* ProfilePresenter.swift in Sources */ = {isa = PBXBuildFile; fileRef = 8C81413D283FA5BC00E7AB43 /* ProfilePresenter.swift */; };
		8C814145283FA5BC00E7AB43 /* ProfileRouter.swift in Sources */ = {isa = PBXBuildFile; fileRef = 8C81413E283FA5BC00E7AB43 /* ProfileRouter.swift */; };
		8C814146283FA5BC00E7AB43 /* ProfileViewController.swift in Sources */ = {isa = PBXBuildFile; fileRef = 8C81413F283FA5BC00E7AB43 /* ProfileViewController.swift */; };
		8C814147283FA5BC00E7AB43 /* ProfileInteractor.swift in Sources */ = {isa = PBXBuildFile; fileRef = 8C814140283FA5BC00E7AB43 /* ProfileInteractor.swift */; };
		8C814148283FA5BC00E7AB43 /* ProfileView.swift in Sources */ = {isa = PBXBuildFile; fileRef = 8C814141283FA5BC00E7AB43 /* ProfileView.swift */; };
		8C814149283FA5BC00E7AB43 /* ProfileConfigurator.swift in Sources */ = {isa = PBXBuildFile; fileRef = 8C814142283FA5BC00E7AB43 /* ProfileConfigurator.swift */; };
		8C81414A283FA5BC00E7AB43 /* ProfileFlowCoordinator.swift in Sources */ = {isa = PBXBuildFile; fileRef = 8C814143283FA5BC00E7AB43 /* ProfileFlowCoordinator.swift */; };
		8C81414C283FD4C000E7AB43 /* FirestoreService.swift in Sources */ = {isa = PBXBuildFile; fileRef = 8C81414B283FD4C000E7AB43 /* FirestoreService.swift */; };
		8C81414E283FD8B800E7AB43 /* User.swift in Sources */ = {isa = PBXBuildFile; fileRef = 8C81414D283FD8B800E7AB43 /* User.swift */; };
		8C814151283FDB0B00E7AB43 /* UserRepository.swift in Sources */ = {isa = PBXBuildFile; fileRef = 8C814150283FDB0B00E7AB43 /* UserRepository.swift */; };
		8C8141532840B6D700E7AB43 /* ImagePickerManager.swift in Sources */ = {isa = PBXBuildFile; fileRef = 8C8141522840B6D700E7AB43 /* ImagePickerManager.swift */; };
		8C81415A2840CBBE00E7AB43 /* ProfileSettingTableViewCell.swift in Sources */ = {isa = PBXBuildFile; fileRef = 8C8141582840CBBE00E7AB43 /* ProfileSettingTableViewCell.swift */; };
		8C81415B2840CBBE00E7AB43 /* ProfileSettingTableViewCell.xib in Resources */ = {isa = PBXBuildFile; fileRef = 8C8141592840CBBE00E7AB43 /* ProfileSettingTableViewCell.xib */; };
		8C81415F2840D3D100E7AB43 /* ProfileTableViewHeader.swift in Sources */ = {isa = PBXBuildFile; fileRef = 8C81415E2840D3D100E7AB43 /* ProfileTableViewHeader.swift */; };
		8C8141612840E18100E7AB43 /* UIImageView+Extension.swift in Sources */ = {isa = PBXBuildFile; fileRef = 8C8141602840E18100E7AB43 /* UIImageView+Extension.swift */; };
		8C81416328411E8200E7AB43 /* Project.swift in Sources */ = {isa = PBXBuildFile; fileRef = 8C81416228411E8200E7AB43 /* Project.swift */; };
		8C81416C2841341900E7AB43 /* EditProjectPresenter.swift in Sources */ = {isa = PBXBuildFile; fileRef = 8C8141652841341900E7AB43 /* EditProjectPresenter.swift */; };
		8C81416D2841341900E7AB43 /* EditProjectRouter.swift in Sources */ = {isa = PBXBuildFile; fileRef = 8C8141662841341900E7AB43 /* EditProjectRouter.swift */; };
		8C81416E2841341900E7AB43 /* EditProjectViewController.swift in Sources */ = {isa = PBXBuildFile; fileRef = 8C8141672841341900E7AB43 /* EditProjectViewController.swift */; };
		8C81416F2841341900E7AB43 /* EditProjectInteractor.swift in Sources */ = {isa = PBXBuildFile; fileRef = 8C8141682841341900E7AB43 /* EditProjectInteractor.swift */; };
		8C8141702841341900E7AB43 /* EditProjectView.swift in Sources */ = {isa = PBXBuildFile; fileRef = 8C8141692841341900E7AB43 /* EditProjectView.swift */; };
		8C8141712841341900E7AB43 /* EditProjectConfigurator.swift in Sources */ = {isa = PBXBuildFile; fileRef = 8C81416A2841341900E7AB43 /* EditProjectConfigurator.swift */; };
		8C8141722841341900E7AB43 /* EditProjectFlowCoordinator.swift in Sources */ = {isa = PBXBuildFile; fileRef = 8C81416B2841341900E7AB43 /* EditProjectFlowCoordinator.swift */; };
		8C8141752841528C00E7AB43 /* TagsField.swift in Sources */ = {isa = PBXBuildFile; fileRef = 8C8141742841528C00E7AB43 /* TagsField.swift */; };
		8C81417728416B6D00E7AB43 /* ProjectsRepository.swift in Sources */ = {isa = PBXBuildFile; fileRef = 8C81417628416B6D00E7AB43 /* ProjectsRepository.swift */; };
		8C9304E22843EC2700AE2023 /* LoginDataModel.swift in Sources */ = {isa = PBXBuildFile; fileRef = 8C9304E12843EC2700AE2023 /* LoginDataModel.swift */; };
		8C9304E42843F03500AE2023 /* RegistrationDataModel.swift in Sources */ = {isa = PBXBuildFile; fileRef = 8C9304E32843F03500AE2023 /* RegistrationDataModel.swift */; };
		8C9304E62843F48900AE2023 /* ProfileDataModel.swift in Sources */ = {isa = PBXBuildFile; fileRef = 8C9304E52843F48900AE2023 /* ProfileDataModel.swift */; };
		8C9304E82843FABD00AE2023 /* HomeDataModel.swift in Sources */ = {isa = PBXBuildFile; fileRef = 8C9304E72843FABD00AE2023 /* HomeDataModel.swift */; };
		8C9304EA2843FB3600AE2023 /* MyProjectsDataModel.swift in Sources */ = {isa = PBXBuildFile; fileRef = 8C9304E92843FB3600AE2023 /* MyProjectsDataModel.swift */; };
		8C9304EC2843FB6700AE2023 /* ConversationsDataModel.swift in Sources */ = {isa = PBXBuildFile; fileRef = 8C9304EB2843FB6700AE2023 /* ConversationsDataModel.swift */; };
		8C9304EE2843FB9A00AE2023 /* EditProjectDataModel.swift in Sources */ = {isa = PBXBuildFile; fileRef = 8C9304ED2843FB9A00AE2023 /* EditProjectDataModel.swift */; };
		8C9305252844BA2800AE2023 /* RegistrationInteractorTests.swift in Sources */ = {isa = PBXBuildFile; fileRef = 8C9305242844BA2800AE2023 /* RegistrationInteractorTests.swift */; };
		8C93052F2844BB6A00AE2023 /* KeychainServiceMock.swift in Sources */ = {isa = PBXBuildFile; fileRef = 8C93052E2844BB6A00AE2023 /* KeychainServiceMock.swift */; };
		8C9305312844BB7800AE2023 /* AuthenticationRepositoryMock.swift in Sources */ = {isa = PBXBuildFile; fileRef = 8C9305302844BB7800AE2023 /* AuthenticationRepositoryMock.swift */; };
		8C9305332844BB8400AE2023 /* UserRepositoryMock.swift in Sources */ = {isa = PBXBuildFile; fileRef = 8C9305322844BB8400AE2023 /* UserRepositoryMock.swift */; };
		8C9305352844BC3900AE2023 /* DataMock.swift in Sources */ = {isa = PBXBuildFile; fileRef = 8C9305342844BC3900AE2023 /* DataMock.swift */; };
		8C9305382844C00E00AE2023 /* AuthenticationResponse.swift in Sources */ = {isa = PBXBuildFile; fileRef = 8C9305372844C00E00AE2023 /* AuthenticationResponse.swift */; };
		8C93053A2844C25A00AE2023 /* RegistrationDataModelMock.swift in Sources */ = {isa = PBXBuildFile; fileRef = 8C9305392844C25A00AE2023 /* RegistrationDataModelMock.swift */; };
		8C930558284A927200AE2023 /* RegistrationPresenterMock.swift in Sources */ = {isa = PBXBuildFile; fileRef = 8C930557284A927200AE2023 /* RegistrationPresenterMock.swift */; };
		D7AA47C0A49632F116840A2D /* Pods_Connect.framework in Frameworks */ = {isa = PBXBuildFile; fileRef = 13CEEECFB691AE69F0C2A3F5 /* Pods_Connect.framework */; };
		D9F7457F57A05E288BADD0EA /* Pods_ConnectUnitTests.framework in Frameworks */ = {isa = PBXBuildFile; fileRef = E2B15C6198DACEB73B981370 /* Pods_ConnectUnitTests.framework */; };
/* End PBXBuildFile section */

/* Begin PBXContainerItemProxy section */
		8C9305262844BA2800AE2023 /* PBXContainerItemProxy */ = {
			isa = PBXContainerItemProxy;
			containerPortal = 8C6BDC27283CE71F00A96ED4 /* Project object */;
			proxyType = 1;
			remoteGlobalIDString = 8C6BDC2E283CE71F00A96ED4;
			remoteInfo = Connect;
		};
/* End PBXContainerItemProxy section */

/* Begin PBXFileReference section */
		13CEEECFB691AE69F0C2A3F5 /* Pods_Connect.framework */ = {isa = PBXFileReference; explicitFileType = wrapper.framework; includeInIndex = 0; path = Pods_Connect.framework; sourceTree = BUILT_PRODUCTS_DIR; };
		5B832A382237C9C45B1CF03F /* Pods-Connect-ConnectUITests.release.xcconfig */ = {isa = PBXFileReference; includeInIndex = 1; lastKnownFileType = text.xcconfig; name = "Pods-Connect-ConnectUITests.release.xcconfig"; path = "Target Support Files/Pods-Connect-ConnectUITests/Pods-Connect-ConnectUITests.release.xcconfig"; sourceTree = "<group>"; };
		5D58C673AF76DED229A4C446 /* Pods-ConnectUnitTests.debug.xcconfig */ = {isa = PBXFileReference; includeInIndex = 1; lastKnownFileType = text.xcconfig; name = "Pods-ConnectUnitTests.debug.xcconfig"; path = "Target Support Files/Pods-ConnectUnitTests/Pods-ConnectUnitTests.debug.xcconfig"; sourceTree = "<group>"; };
		8546B102C62A6D9119A8464D /* Pods-Connect.release.xcconfig */ = {isa = PBXFileReference; includeInIndex = 1; lastKnownFileType = text.xcconfig; name = "Pods-Connect.release.xcconfig"; path = "Target Support Files/Pods-Connect/Pods-Connect.release.xcconfig"; sourceTree = "<group>"; };
		8C445E482855E9A80023CF41 /* RegistrationPresenterTests.swift */ = {isa = PBXFileReference; lastKnownFileType = sourcecode.swift; path = RegistrationPresenterTests.swift; sourceTree = "<group>"; };
		8C445E4A2855EA280023CF41 /* RegistrationViewControllerMock.swift */ = {isa = PBXFileReference; lastKnownFileType = sourcecode.swift; path = RegistrationViewControllerMock.swift; sourceTree = "<group>"; };
		8C6BDC2F283CE71F00A96ED4 /* Connect.app */ = {isa = PBXFileReference; explicitFileType = wrapper.application; includeInIndex = 0; path = Connect.app; sourceTree = BUILT_PRODUCTS_DIR; };
		8C6BDC32283CE71F00A96ED4 /* AppDelegate.swift */ = {isa = PBXFileReference; lastKnownFileType = sourcecode.swift; path = AppDelegate.swift; sourceTree = "<group>"; };
		8C6BDC34283CE71F00A96ED4 /* SceneDelegate.swift */ = {isa = PBXFileReference; lastKnownFileType = sourcecode.swift; path = SceneDelegate.swift; sourceTree = "<group>"; };
		8C6BDC3B283CE72100A96ED4 /* Assets.xcassets */ = {isa = PBXFileReference; lastKnownFileType = folder.assetcatalog; path = Assets.xcassets; sourceTree = "<group>"; };
		8C6BDC3E283CE72100A96ED4 /* Base */ = {isa = PBXFileReference; lastKnownFileType = file.storyboard; name = Base; path = Base.lproj/LaunchScreen.storyboard; sourceTree = "<group>"; };
		8C6BDC40283CE72100A96ED4 /* Info.plist */ = {isa = PBXFileReference; lastKnownFileType = text.plist.xml; path = Info.plist; sourceTree = "<group>"; };
		8C6BDC67283CE99100A96ED4 /* AppFlowCoordinator.swift */ = {isa = PBXFileReference; lastKnownFileType = sourcecode.swift; path = AppFlowCoordinator.swift; sourceTree = "<group>"; };
		8C6BDC69283CEB1400A96ED4 /* FlowCoordinator.swift */ = {isa = PBXFileReference; lastKnownFileType = sourcecode.swift; path = FlowCoordinator.swift; sourceTree = "<group>"; };
		8C6BDC6B283CEDB100A96ED4 /* MainFlowCoordinator.swift */ = {isa = PBXFileReference; lastKnownFileType = sourcecode.swift; path = MainFlowCoordinator.swift; sourceTree = "<group>"; };
		8C6BDC6E283CF23600A96ED4 /* LoginConfigurator.swift */ = {isa = PBXFileReference; lastKnownFileType = sourcecode.swift; path = LoginConfigurator.swift; sourceTree = "<group>"; };
		8C6BDC70283CF24000A96ED4 /* LoginInteractor.swift */ = {isa = PBXFileReference; lastKnownFileType = sourcecode.swift; path = LoginInteractor.swift; sourceTree = "<group>"; };
		8C6BDC72283CF24A00A96ED4 /* LoginPresenter.swift */ = {isa = PBXFileReference; lastKnownFileType = sourcecode.swift; path = LoginPresenter.swift; sourceTree = "<group>"; };
		8C6BDC74283CF25000A96ED4 /* LoginRouter.swift */ = {isa = PBXFileReference; lastKnownFileType = sourcecode.swift; path = LoginRouter.swift; sourceTree = "<group>"; };
		8C6BDC76283CF26A00A96ED4 /* LoginView.swift */ = {isa = PBXFileReference; lastKnownFileType = sourcecode.swift; path = LoginView.swift; sourceTree = "<group>"; };
		8C6BDC78283CF27400A96ED4 /* LoginViewController.swift */ = {isa = PBXFileReference; lastKnownFileType = sourcecode.swift; path = LoginViewController.swift; sourceTree = "<group>"; };
		8C6BDC7A283D2F3100A96ED4 /* Dependencies.swift */ = {isa = PBXFileReference; lastKnownFileType = sourcecode.swift; path = Dependencies.swift; sourceTree = "<group>"; };
		8C6BDC7C283D31B600A96ED4 /* KeychainService.swift */ = {isa = PBXFileReference; lastKnownFileType = sourcecode.swift; path = KeychainService.swift; sourceTree = "<group>"; };
		8C6BDC7E283D34B500A96ED4 /* LoginFlowCoordinator.swift */ = {isa = PBXFileReference; lastKnownFileType = sourcecode.swift; path = LoginFlowCoordinator.swift; sourceTree = "<group>"; };
		8C6BDC82283D3C1C00A96ED4 /* RegistrationView.swift */ = {isa = PBXFileReference; lastKnownFileType = sourcecode.swift; path = RegistrationView.swift; sourceTree = "<group>"; };
		8C6BDC83283D3C1C00A96ED4 /* RegistrationPresenter.swift */ = {isa = PBXFileReference; lastKnownFileType = sourcecode.swift; path = RegistrationPresenter.swift; sourceTree = "<group>"; };
		8C6BDC84283D3C1C00A96ED4 /* RegistrationRouter.swift */ = {isa = PBXFileReference; lastKnownFileType = sourcecode.swift; path = RegistrationRouter.swift; sourceTree = "<group>"; };
		8C6BDC85283D3C1C00A96ED4 /* RegistrationFlowCoordinator.swift */ = {isa = PBXFileReference; lastKnownFileType = sourcecode.swift; path = RegistrationFlowCoordinator.swift; sourceTree = "<group>"; };
		8C6BDC86283D3C1C00A96ED4 /* RegistrationViewController.swift */ = {isa = PBXFileReference; lastKnownFileType = sourcecode.swift; path = RegistrationViewController.swift; sourceTree = "<group>"; };
		8C6BDC87283D3C1C00A96ED4 /* RegistrationInteractor.swift */ = {isa = PBXFileReference; lastKnownFileType = sourcecode.swift; path = RegistrationInteractor.swift; sourceTree = "<group>"; };
		8C6BDC88283D3C1C00A96ED4 /* RegistrationConfigurator.swift */ = {isa = PBXFileReference; lastKnownFileType = sourcecode.swift; path = RegistrationConfigurator.swift; sourceTree = "<group>"; };
		8C6BDD4D283DF9E700A96ED4 /* TabBarRouter.swift */ = {isa = PBXFileReference; lastKnownFileType = sourcecode.swift; path = TabBarRouter.swift; sourceTree = "<group>"; };
		8C6BDD4E283DF9E700A96ED4 /* TabBarViewController.swift */ = {isa = PBXFileReference; lastKnownFileType = sourcecode.swift; path = TabBarViewController.swift; sourceTree = "<group>"; };
		8C6BDD51283DF9E700A96ED4 /* TabBarConfigurator.swift */ = {isa = PBXFileReference; lastKnownFileType = sourcecode.swift; path = TabBarConfigurator.swift; sourceTree = "<group>"; };
		8C6BDD52283DF9E700A96ED4 /* TabBarFlowCoordinator.swift */ = {isa = PBXFileReference; lastKnownFileType = sourcecode.swift; path = TabBarFlowCoordinator.swift; sourceTree = "<group>"; };
		8C6BDD5B283DFB6800A96ED4 /* HomePresenter.swift */ = {isa = PBXFileReference; lastKnownFileType = sourcecode.swift; path = HomePresenter.swift; sourceTree = "<group>"; };
		8C6BDD5C283DFB6800A96ED4 /* HomeRouter.swift */ = {isa = PBXFileReference; lastKnownFileType = sourcecode.swift; path = HomeRouter.swift; sourceTree = "<group>"; };
		8C6BDD5D283DFB6800A96ED4 /* HomeViewController.swift */ = {isa = PBXFileReference; lastKnownFileType = sourcecode.swift; path = HomeViewController.swift; sourceTree = "<group>"; };
		8C6BDD5E283DFB6800A96ED4 /* HomeInteractor.swift */ = {isa = PBXFileReference; lastKnownFileType = sourcecode.swift; path = HomeInteractor.swift; sourceTree = "<group>"; };
		8C6BDD5F283DFB6800A96ED4 /* HomeView.swift */ = {isa = PBXFileReference; lastKnownFileType = sourcecode.swift; path = HomeView.swift; sourceTree = "<group>"; };
		8C6BDD60283DFB6800A96ED4 /* HomeConfigurator.swift */ = {isa = PBXFileReference; lastKnownFileType = sourcecode.swift; path = HomeConfigurator.swift; sourceTree = "<group>"; };
		8C6BDD61283DFB6800A96ED4 /* HomeFlowCoordinator.swift */ = {isa = PBXFileReference; lastKnownFileType = sourcecode.swift; path = HomeFlowCoordinator.swift; sourceTree = "<group>"; };
		8C6BDD6A283E019500A96ED4 /* MyProjectsPresenter.swift */ = {isa = PBXFileReference; lastKnownFileType = sourcecode.swift; path = MyProjectsPresenter.swift; sourceTree = "<group>"; };
		8C6BDD6B283E019500A96ED4 /* MyProjectsRouter.swift */ = {isa = PBXFileReference; lastKnownFileType = sourcecode.swift; path = MyProjectsRouter.swift; sourceTree = "<group>"; };
		8C6BDD6C283E019500A96ED4 /* MyProjectsViewController.swift */ = {isa = PBXFileReference; lastKnownFileType = sourcecode.swift; path = MyProjectsViewController.swift; sourceTree = "<group>"; };
		8C6BDD6D283E019500A96ED4 /* MyProjectsInteractor.swift */ = {isa = PBXFileReference; lastKnownFileType = sourcecode.swift; path = MyProjectsInteractor.swift; sourceTree = "<group>"; };
		8C6BDD6E283E019500A96ED4 /* MyProjectsView.swift */ = {isa = PBXFileReference; lastKnownFileType = sourcecode.swift; path = MyProjectsView.swift; sourceTree = "<group>"; };
		8C6BDD6F283E019500A96ED4 /* MyProjectsConfigurator.swift */ = {isa = PBXFileReference; lastKnownFileType = sourcecode.swift; path = MyProjectsConfigurator.swift; sourceTree = "<group>"; };
		8C6BDD70283E019500A96ED4 /* MyProjectsFlowCoordinator.swift */ = {isa = PBXFileReference; lastKnownFileType = sourcecode.swift; path = MyProjectsFlowCoordinator.swift; sourceTree = "<group>"; };
		8C6BDD79283E031E00A96ED4 /* ConversationsPresenter.swift */ = {isa = PBXFileReference; lastKnownFileType = sourcecode.swift; path = ConversationsPresenter.swift; sourceTree = "<group>"; };
		8C6BDD7A283E031E00A96ED4 /* ConversationsRouter.swift */ = {isa = PBXFileReference; lastKnownFileType = sourcecode.swift; path = ConversationsRouter.swift; sourceTree = "<group>"; };
		8C6BDD7B283E031E00A96ED4 /* ConversationsViewController.swift */ = {isa = PBXFileReference; lastKnownFileType = sourcecode.swift; path = ConversationsViewController.swift; sourceTree = "<group>"; };
		8C6BDD7C283E031E00A96ED4 /* ConversationsInteractor.swift */ = {isa = PBXFileReference; lastKnownFileType = sourcecode.swift; path = ConversationsInteractor.swift; sourceTree = "<group>"; };
		8C6BDD7D283E031E00A96ED4 /* ConversationsView.swift */ = {isa = PBXFileReference; lastKnownFileType = sourcecode.swift; path = ConversationsView.swift; sourceTree = "<group>"; };
		8C6BDD7E283E031E00A96ED4 /* ConversationsConfigurator.swift */ = {isa = PBXFileReference; lastKnownFileType = sourcecode.swift; path = ConversationsConfigurator.swift; sourceTree = "<group>"; };
		8C6BDD7F283E031E00A96ED4 /* ConversationsFlowCoordinator.swift */ = {isa = PBXFileReference; lastKnownFileType = sourcecode.swift; path = ConversationsFlowCoordinator.swift; sourceTree = "<group>"; };
		8C6BDD88283E246900A96ED4 /* HomeTableViewCell.swift */ = {isa = PBXFileReference; lastKnownFileType = sourcecode.swift; path = HomeTableViewCell.swift; sourceTree = "<group>"; };
		8C6BDD89283E246900A96ED4 /* HomeTableViewCell.xib */ = {isa = PBXFileReference; lastKnownFileType = file.xib; path = HomeTableViewCell.xib; sourceTree = "<group>"; };
		8C6BDD8C283F7B9D00A96ED4 /* GoogleService-Info.plist */ = {isa = PBXFileReference; fileEncoding = 4; lastKnownFileType = text.plist.xml; path = "GoogleService-Info.plist"; sourceTree = "<group>"; };
		8C6BDD8E283F7D9100A96ED4 /* AuthenticationRepository.swift */ = {isa = PBXFileReference; lastKnownFileType = sourcecode.swift; path = AuthenticationRepository.swift; sourceTree = "<group>"; };
		8C6BDD91283F83A800A96ED4 /* MyError.swift */ = {isa = PBXFileReference; lastKnownFileType = sourcecode.swift; path = MyError.swift; sourceTree = "<group>"; };
		8C6BDD97283F89A600A96ED4 /* UIViewController+Extension.swift */ = {isa = PBXFileReference; lastKnownFileType = sourcecode.swift; path = "UIViewController+Extension.swift"; sourceTree = "<group>"; };
		8C81413D283FA5BC00E7AB43 /* ProfilePresenter.swift */ = {isa = PBXFileReference; lastKnownFileType = sourcecode.swift; path = ProfilePresenter.swift; sourceTree = "<group>"; };
		8C81413E283FA5BC00E7AB43 /* ProfileRouter.swift */ = {isa = PBXFileReference; lastKnownFileType = sourcecode.swift; path = ProfileRouter.swift; sourceTree = "<group>"; };
		8C81413F283FA5BC00E7AB43 /* ProfileViewController.swift */ = {isa = PBXFileReference; lastKnownFileType = sourcecode.swift; path = ProfileViewController.swift; sourceTree = "<group>"; };
		8C814140283FA5BC00E7AB43 /* ProfileInteractor.swift */ = {isa = PBXFileReference; lastKnownFileType = sourcecode.swift; path = ProfileInteractor.swift; sourceTree = "<group>"; };
		8C814141283FA5BC00E7AB43 /* ProfileView.swift */ = {isa = PBXFileReference; lastKnownFileType = sourcecode.swift; path = ProfileView.swift; sourceTree = "<group>"; };
		8C814142283FA5BC00E7AB43 /* ProfileConfigurator.swift */ = {isa = PBXFileReference; lastKnownFileType = sourcecode.swift; path = ProfileConfigurator.swift; sourceTree = "<group>"; };
		8C814143283FA5BC00E7AB43 /* ProfileFlowCoordinator.swift */ = {isa = PBXFileReference; lastKnownFileType = sourcecode.swift; path = ProfileFlowCoordinator.swift; sourceTree = "<group>"; };
		8C81414B283FD4C000E7AB43 /* FirestoreService.swift */ = {isa = PBXFileReference; lastKnownFileType = sourcecode.swift; path = FirestoreService.swift; sourceTree = "<group>"; };
		8C81414D283FD8B800E7AB43 /* User.swift */ = {isa = PBXFileReference; lastKnownFileType = sourcecode.swift; path = User.swift; sourceTree = "<group>"; };
		8C814150283FDB0B00E7AB43 /* UserRepository.swift */ = {isa = PBXFileReference; lastKnownFileType = sourcecode.swift; path = UserRepository.swift; sourceTree = "<group>"; };
		8C8141522840B6D700E7AB43 /* ImagePickerManager.swift */ = {isa = PBXFileReference; lastKnownFileType = sourcecode.swift; path = ImagePickerManager.swift; sourceTree = "<group>"; };
		8C8141582840CBBE00E7AB43 /* ProfileSettingTableViewCell.swift */ = {isa = PBXFileReference; lastKnownFileType = sourcecode.swift; path = ProfileSettingTableViewCell.swift; sourceTree = "<group>"; };
		8C8141592840CBBE00E7AB43 /* ProfileSettingTableViewCell.xib */ = {isa = PBXFileReference; lastKnownFileType = file.xib; path = ProfileSettingTableViewCell.xib; sourceTree = "<group>"; };
		8C81415E2840D3D100E7AB43 /* ProfileTableViewHeader.swift */ = {isa = PBXFileReference; lastKnownFileType = sourcecode.swift; path = ProfileTableViewHeader.swift; sourceTree = "<group>"; };
		8C8141602840E18100E7AB43 /* UIImageView+Extension.swift */ = {isa = PBXFileReference; lastKnownFileType = sourcecode.swift; path = "UIImageView+Extension.swift"; sourceTree = "<group>"; };
		8C81416228411E8200E7AB43 /* Project.swift */ = {isa = PBXFileReference; lastKnownFileType = sourcecode.swift; path = Project.swift; sourceTree = "<group>"; };
		8C8141652841341900E7AB43 /* EditProjectPresenter.swift */ = {isa = PBXFileReference; lastKnownFileType = sourcecode.swift; path = EditProjectPresenter.swift; sourceTree = "<group>"; };
		8C8141662841341900E7AB43 /* EditProjectRouter.swift */ = {isa = PBXFileReference; lastKnownFileType = sourcecode.swift; path = EditProjectRouter.swift; sourceTree = "<group>"; };
		8C8141672841341900E7AB43 /* EditProjectViewController.swift */ = {isa = PBXFileReference; lastKnownFileType = sourcecode.swift; path = EditProjectViewController.swift; sourceTree = "<group>"; };
		8C8141682841341900E7AB43 /* EditProjectInteractor.swift */ = {isa = PBXFileReference; lastKnownFileType = sourcecode.swift; path = EditProjectInteractor.swift; sourceTree = "<group>"; };
		8C8141692841341900E7AB43 /* EditProjectView.swift */ = {isa = PBXFileReference; lastKnownFileType = sourcecode.swift; path = EditProjectView.swift; sourceTree = "<group>"; };
		8C81416A2841341900E7AB43 /* EditProjectConfigurator.swift */ = {isa = PBXFileReference; lastKnownFileType = sourcecode.swift; path = EditProjectConfigurator.swift; sourceTree = "<group>"; };
		8C81416B2841341900E7AB43 /* EditProjectFlowCoordinator.swift */ = {isa = PBXFileReference; lastKnownFileType = sourcecode.swift; path = EditProjectFlowCoordinator.swift; sourceTree = "<group>"; };
		8C8141742841528C00E7AB43 /* TagsField.swift */ = {isa = PBXFileReference; lastKnownFileType = sourcecode.swift; path = TagsField.swift; sourceTree = "<group>"; };
		8C81417628416B6D00E7AB43 /* ProjectsRepository.swift */ = {isa = PBXFileReference; lastKnownFileType = sourcecode.swift; path = ProjectsRepository.swift; sourceTree = "<group>"; };
		8C9304E12843EC2700AE2023 /* LoginDataModel.swift */ = {isa = PBXFileReference; lastKnownFileType = sourcecode.swift; path = LoginDataModel.swift; sourceTree = "<group>"; };
		8C9304E32843F03500AE2023 /* RegistrationDataModel.swift */ = {isa = PBXFileReference; lastKnownFileType = sourcecode.swift; path = RegistrationDataModel.swift; sourceTree = "<group>"; };
		8C9304E52843F48900AE2023 /* ProfileDataModel.swift */ = {isa = PBXFileReference; lastKnownFileType = sourcecode.swift; path = ProfileDataModel.swift; sourceTree = "<group>"; };
		8C9304E72843FABD00AE2023 /* HomeDataModel.swift */ = {isa = PBXFileReference; lastKnownFileType = sourcecode.swift; path = HomeDataModel.swift; sourceTree = "<group>"; };
		8C9304E92843FB3600AE2023 /* MyProjectsDataModel.swift */ = {isa = PBXFileReference; lastKnownFileType = sourcecode.swift; path = MyProjectsDataModel.swift; sourceTree = "<group>"; };
		8C9304EB2843FB6700AE2023 /* ConversationsDataModel.swift */ = {isa = PBXFileReference; lastKnownFileType = sourcecode.swift; path = ConversationsDataModel.swift; sourceTree = "<group>"; };
		8C9304ED2843FB9A00AE2023 /* EditProjectDataModel.swift */ = {isa = PBXFileReference; lastKnownFileType = sourcecode.swift; path = EditProjectDataModel.swift; sourceTree = "<group>"; };
		8C9305222844BA2800AE2023 /* ConnectUnitTests.xctest */ = {isa = PBXFileReference; explicitFileType = wrapper.cfbundle; includeInIndex = 0; path = ConnectUnitTests.xctest; sourceTree = BUILT_PRODUCTS_DIR; };
		8C9305242844BA2800AE2023 /* RegistrationInteractorTests.swift */ = {isa = PBXFileReference; lastKnownFileType = sourcecode.swift; path = RegistrationInteractorTests.swift; sourceTree = "<group>"; };
		8C93052E2844BB6A00AE2023 /* KeychainServiceMock.swift */ = {isa = PBXFileReference; lastKnownFileType = sourcecode.swift; path = KeychainServiceMock.swift; sourceTree = "<group>"; };
		8C9305302844BB7800AE2023 /* AuthenticationRepositoryMock.swift */ = {isa = PBXFileReference; lastKnownFileType = sourcecode.swift; path = AuthenticationRepositoryMock.swift; sourceTree = "<group>"; };
		8C9305322844BB8400AE2023 /* UserRepositoryMock.swift */ = {isa = PBXFileReference; lastKnownFileType = sourcecode.swift; path = UserRepositoryMock.swift; sourceTree = "<group>"; };
		8C9305342844BC3900AE2023 /* DataMock.swift */ = {isa = PBXFileReference; lastKnownFileType = sourcecode.swift; path = DataMock.swift; sourceTree = "<group>"; };
		8C9305372844C00E00AE2023 /* AuthenticationResponse.swift */ = {isa = PBXFileReference; lastKnownFileType = sourcecode.swift; path = AuthenticationResponse.swift; sourceTree = "<group>"; };
		8C9305392844C25A00AE2023 /* RegistrationDataModelMock.swift */ = {isa = PBXFileReference; lastKnownFileType = sourcecode.swift; path = RegistrationDataModelMock.swift; sourceTree = "<group>"; };
		8C930557284A927200AE2023 /* RegistrationPresenterMock.swift */ = {isa = PBXFileReference; lastKnownFileType = sourcecode.swift; path = RegistrationPresenterMock.swift; sourceTree = "<group>"; };
		973DC1A55623CED7A6866F03 /* Pods_Connect_ConnectUITests.framework */ = {isa = PBXFileReference; explicitFileType = wrapper.framework; includeInIndex = 0; path = Pods_Connect_ConnectUITests.framework; sourceTree = BUILT_PRODUCTS_DIR; };
		B1611E42DC99B9ED09CE5B06 /* Pods_ConnectTests.framework */ = {isa = PBXFileReference; explicitFileType = wrapper.framework; includeInIndex = 0; path = Pods_ConnectTests.framework; sourceTree = BUILT_PRODUCTS_DIR; };
		B298B1CB25B22484C2D14623 /* Pods-ConnectUnitTests.release.xcconfig */ = {isa = PBXFileReference; includeInIndex = 1; lastKnownFileType = text.xcconfig; name = "Pods-ConnectUnitTests.release.xcconfig"; path = "Target Support Files/Pods-ConnectUnitTests/Pods-ConnectUnitTests.release.xcconfig"; sourceTree = "<group>"; };
		B9FE5F64275D1C84F3B6C1B6 /* Pods-Connect.debug.xcconfig */ = {isa = PBXFileReference; includeInIndex = 1; lastKnownFileType = text.xcconfig; name = "Pods-Connect.debug.xcconfig"; path = "Target Support Files/Pods-Connect/Pods-Connect.debug.xcconfig"; sourceTree = "<group>"; };
		CA8279AC203FCCB15AE7CEA6 /* Pods-ConnectTests.debug.xcconfig */ = {isa = PBXFileReference; includeInIndex = 1; lastKnownFileType = text.xcconfig; name = "Pods-ConnectTests.debug.xcconfig"; path = "Target Support Files/Pods-ConnectTests/Pods-ConnectTests.debug.xcconfig"; sourceTree = "<group>"; };
		DC71162548F0D522CA1927FA /* Pods-ConnectTests.release.xcconfig */ = {isa = PBXFileReference; includeInIndex = 1; lastKnownFileType = text.xcconfig; name = "Pods-ConnectTests.release.xcconfig"; path = "Target Support Files/Pods-ConnectTests/Pods-ConnectTests.release.xcconfig"; sourceTree = "<group>"; };
		E2B15C6198DACEB73B981370 /* Pods_ConnectUnitTests.framework */ = {isa = PBXFileReference; explicitFileType = wrapper.framework; includeInIndex = 0; path = Pods_ConnectUnitTests.framework; sourceTree = BUILT_PRODUCTS_DIR; };
		F8EF471B4A768883B8F86178 /* Pods-Connect-ConnectUITests.debug.xcconfig */ = {isa = PBXFileReference; includeInIndex = 1; lastKnownFileType = text.xcconfig; name = "Pods-Connect-ConnectUITests.debug.xcconfig"; path = "Target Support Files/Pods-Connect-ConnectUITests/Pods-Connect-ConnectUITests.debug.xcconfig"; sourceTree = "<group>"; };
/* End PBXFileReference section */

/* Begin PBXFrameworksBuildPhase section */
		8C6BDC2C283CE71F00A96ED4 /* Frameworks */ = {
			isa = PBXFrameworksBuildPhase;
			buildActionMask = 2147483647;
			files = (
				D7AA47C0A49632F116840A2D /* Pods_Connect.framework in Frameworks */,
			);
			runOnlyForDeploymentPostprocessing = 0;
		};
		8C93051F2844BA2800AE2023 /* Frameworks */ = {
			isa = PBXFrameworksBuildPhase;
			buildActionMask = 2147483647;
			files = (
				D9F7457F57A05E288BADD0EA /* Pods_ConnectUnitTests.framework in Frameworks */,
			);
			runOnlyForDeploymentPostprocessing = 0;
		};
/* End PBXFrameworksBuildPhase section */

/* Begin PBXGroup section */
		4A4B2BE18328ED846CE50297 /* Frameworks */ = {
			isa = PBXGroup;
			children = (
				13CEEECFB691AE69F0C2A3F5 /* Pods_Connect.framework */,
				973DC1A55623CED7A6866F03 /* Pods_Connect_ConnectUITests.framework */,
				B1611E42DC99B9ED09CE5B06 /* Pods_ConnectTests.framework */,
				E2B15C6198DACEB73B981370 /* Pods_ConnectUnitTests.framework */,
			);
			name = Frameworks;
			sourceTree = "<group>";
		};
		69D9148B018E1CD1CECBFA29 /* Pods */ = {
			isa = PBXGroup;
			children = (
				B9FE5F64275D1C84F3B6C1B6 /* Pods-Connect.debug.xcconfig */,
				8546B102C62A6D9119A8464D /* Pods-Connect.release.xcconfig */,
				F8EF471B4A768883B8F86178 /* Pods-Connect-ConnectUITests.debug.xcconfig */,
				5B832A382237C9C45B1CF03F /* Pods-Connect-ConnectUITests.release.xcconfig */,
				CA8279AC203FCCB15AE7CEA6 /* Pods-ConnectTests.debug.xcconfig */,
				DC71162548F0D522CA1927FA /* Pods-ConnectTests.release.xcconfig */,
				5D58C673AF76DED229A4C446 /* Pods-ConnectUnitTests.debug.xcconfig */,
				B298B1CB25B22484C2D14623 /* Pods-ConnectUnitTests.release.xcconfig */,
			);
			path = Pods;
			sourceTree = "<group>";
		};
		8C445E472855E9830023CF41 /* Mocks */ = {
			isa = PBXGroup;
			children = (
				8C930557284A927200AE2023 /* RegistrationPresenterMock.swift */,
				8C9305392844C25A00AE2023 /* RegistrationDataModelMock.swift */,
				8C445E4A2855EA280023CF41 /* RegistrationViewControllerMock.swift */,
			);
			path = Mocks;
			sourceTree = "<group>";
		};
		8C6BDC26283CE71F00A96ED4 = {
			isa = PBXGroup;
			children = (
				8C6BDC31283CE71F00A96ED4 /* Connect */,
				8C9305232844BA2800AE2023 /* ConnectUnitTests */,
				8C6BDC30283CE71F00A96ED4 /* Products */,
				69D9148B018E1CD1CECBFA29 /* Pods */,
				4A4B2BE18328ED846CE50297 /* Frameworks */,
			);
			sourceTree = "<group>";
		};
		8C6BDC30283CE71F00A96ED4 /* Products */ = {
			isa = PBXGroup;
			children = (
				8C6BDC2F283CE71F00A96ED4 /* Connect.app */,
				8C9305222844BA2800AE2023 /* ConnectUnitTests.xctest */,
			);
			name = Products;
			sourceTree = "<group>";
		};
		8C6BDC31283CE71F00A96ED4 /* Connect */ = {
			isa = PBXGroup;
			children = (
				8C6BDD8C283F7B9D00A96ED4 /* GoogleService-Info.plist */,
				8C6BDC62283CE78300A96ED4 /* Application */,
				8C6BDC63283CE78A00A96ED4 /* Services */,
				8C81414F283FDAF200E7AB43 /* Repositories */,
				8C6BDC66283CE98000A96ED4 /* Flow */,
				8C6BDD90283F829800A96ED4 /* Models */,
				8C6BDC64283CE79A00A96ED4 /* Scenes */,
				8C6BDC65283CE7A200A96ED4 /* SupportingFiles */,
				8C6BDD96283F898A00A96ED4 /* Extensions */,
			);
			path = Connect;
			sourceTree = "<group>";
		};
		8C6BDC62283CE78300A96ED4 /* Application */ = {
			isa = PBXGroup;
			children = (
				8C6BDC3D283CE72100A96ED4 /* LaunchScreen.storyboard */,
				8C6BDC32283CE71F00A96ED4 /* AppDelegate.swift */,
				8C6BDC34283CE71F00A96ED4 /* SceneDelegate.swift */,
			);
			path = Application;
			sourceTree = "<group>";
		};
		8C6BDC63283CE78A00A96ED4 /* Services */ = {
			isa = PBXGroup;
			children = (
				8C6BDC7A283D2F3100A96ED4 /* Dependencies.swift */,
				8C6BDC7C283D31B600A96ED4 /* KeychainService.swift */,
				8C81414B283FD4C000E7AB43 /* FirestoreService.swift */,
			);
			path = Services;
			sourceTree = "<group>";
		};
		8C6BDC64283CE79A00A96ED4 /* Scenes */ = {
			isa = PBXGroup;
			children = (
				8C814173284151D600E7AB43 /* CommonUI */,
				8C6BDD4B283DF99500A96ED4 /* TabBar */,
				8C8141642841340000E7AB43 /* EditProject */,
				8C6BDD78283E030D00A96ED4 /* Conversations */,
				8C6BDD69283E017B00A96ED4 /* MyProjects */,
				8C6BDD5A283DFB5800A96ED4 /* Home */,
				8C81413C283FA58E00E7AB43 /* Profile */,
				8C6BDC6D283CF22300A96ED4 /* Login */,
				8C6BDC80283D3B7A00A96ED4 /* Registration */,
			);
			path = Scenes;
			sourceTree = "<group>";
		};
		8C6BDC65283CE7A200A96ED4 /* SupportingFiles */ = {
			isa = PBXGroup;
			children = (
				8C6BDC3B283CE72100A96ED4 /* Assets.xcassets */,
				8C6BDC40283CE72100A96ED4 /* Info.plist */,
			);
			path = SupportingFiles;
			sourceTree = "<group>";
		};
		8C6BDC66283CE98000A96ED4 /* Flow */ = {
			isa = PBXGroup;
			children = (
				8C6BDC69283CEB1400A96ED4 /* FlowCoordinator.swift */,
				8C6BDC67283CE99100A96ED4 /* AppFlowCoordinator.swift */,
				8C6BDC6B283CEDB100A96ED4 /* MainFlowCoordinator.swift */,
			);
			path = Flow;
			sourceTree = "<group>";
		};
		8C6BDC6D283CF22300A96ED4 /* Login */ = {
			isa = PBXGroup;
			children = (
				8C6BDC7E283D34B500A96ED4 /* LoginFlowCoordinator.swift */,
				8C6BDC6E283CF23600A96ED4 /* LoginConfigurator.swift */,
				8C9304E12843EC2700AE2023 /* LoginDataModel.swift */,
				8C6BDC76283CF26A00A96ED4 /* LoginView.swift */,
				8C6BDC78283CF27400A96ED4 /* LoginViewController.swift */,
				8C6BDC70283CF24000A96ED4 /* LoginInteractor.swift */,
				8C6BDC72283CF24A00A96ED4 /* LoginPresenter.swift */,
				8C6BDC74283CF25000A96ED4 /* LoginRouter.swift */,
			);
			path = Login;
			sourceTree = "<group>";
		};
		8C6BDC80283D3B7A00A96ED4 /* Registration */ = {
			isa = PBXGroup;
			children = (
				8C6BDC85283D3C1C00A96ED4 /* RegistrationFlowCoordinator.swift */,
				8C6BDC88283D3C1C00A96ED4 /* RegistrationConfigurator.swift */,
				8C9304E32843F03500AE2023 /* RegistrationDataModel.swift */,
				8C6BDC82283D3C1C00A96ED4 /* RegistrationView.swift */,
				8C6BDC86283D3C1C00A96ED4 /* RegistrationViewController.swift */,
				8C6BDC87283D3C1C00A96ED4 /* RegistrationInteractor.swift */,
				8C6BDC83283D3C1C00A96ED4 /* RegistrationPresenter.swift */,
				8C6BDC84283D3C1C00A96ED4 /* RegistrationRouter.swift */,
			);
			path = Registration;
			sourceTree = "<group>";
		};
		8C6BDD4B283DF99500A96ED4 /* TabBar */ = {
			isa = PBXGroup;
			children = (
				8C6BDD52283DF9E700A96ED4 /* TabBarFlowCoordinator.swift */,
				8C6BDD51283DF9E700A96ED4 /* TabBarConfigurator.swift */,
				8C6BDD4E283DF9E700A96ED4 /* TabBarViewController.swift */,
				8C6BDD4D283DF9E700A96ED4 /* TabBarRouter.swift */,
			);
			path = TabBar;
			sourceTree = "<group>";
		};
		8C6BDD5A283DFB5800A96ED4 /* Home */ = {
			isa = PBXGroup;
			children = (
				8C6BDD87283E220100A96ED4 /* Cell */,
				8C6BDD61283DFB6800A96ED4 /* HomeFlowCoordinator.swift */,
				8C6BDD60283DFB6800A96ED4 /* HomeConfigurator.swift */,
				8C9304E72843FABD00AE2023 /* HomeDataModel.swift */,
				8C6BDD5F283DFB6800A96ED4 /* HomeView.swift */,
				8C6BDD5D283DFB6800A96ED4 /* HomeViewController.swift */,
				8C6BDD5E283DFB6800A96ED4 /* HomeInteractor.swift */,
				8C6BDD5B283DFB6800A96ED4 /* HomePresenter.swift */,
				8C6BDD5C283DFB6800A96ED4 /* HomeRouter.swift */,
			);
			path = Home;
			sourceTree = "<group>";
		};
		8C6BDD69283E017B00A96ED4 /* MyProjects */ = {
			isa = PBXGroup;
			children = (
				8C6BDD70283E019500A96ED4 /* MyProjectsFlowCoordinator.swift */,
				8C6BDD6F283E019500A96ED4 /* MyProjectsConfigurator.swift */,
				8C9304E92843FB3600AE2023 /* MyProjectsDataModel.swift */,
				8C6BDD6E283E019500A96ED4 /* MyProjectsView.swift */,
				8C6BDD6C283E019500A96ED4 /* MyProjectsViewController.swift */,
				8C6BDD6D283E019500A96ED4 /* MyProjectsInteractor.swift */,
				8C6BDD6A283E019500A96ED4 /* MyProjectsPresenter.swift */,
				8C6BDD6B283E019500A96ED4 /* MyProjectsRouter.swift */,
			);
			path = MyProjects;
			sourceTree = "<group>";
		};
		8C6BDD78283E030D00A96ED4 /* Conversations */ = {
			isa = PBXGroup;
			children = (
				8C6BDD7F283E031E00A96ED4 /* ConversationsFlowCoordinator.swift */,
				8C6BDD7E283E031E00A96ED4 /* ConversationsConfigurator.swift */,
				8C9304EB2843FB6700AE2023 /* ConversationsDataModel.swift */,
				8C6BDD7D283E031E00A96ED4 /* ConversationsView.swift */,
				8C6BDD7B283E031E00A96ED4 /* ConversationsViewController.swift */,
				8C6BDD7C283E031E00A96ED4 /* ConversationsInteractor.swift */,
				8C6BDD79283E031E00A96ED4 /* ConversationsPresenter.swift */,
				8C6BDD7A283E031E00A96ED4 /* ConversationsRouter.swift */,
			);
			path = Conversations;
			sourceTree = "<group>";
		};
		8C6BDD87283E220100A96ED4 /* Cell */ = {
			isa = PBXGroup;
			children = (
				8C6BDD88283E246900A96ED4 /* HomeTableViewCell.swift */,
				8C6BDD89283E246900A96ED4 /* HomeTableViewCell.xib */,
			);
			path = Cell;
			sourceTree = "<group>";
		};
		8C6BDD90283F829800A96ED4 /* Models */ = {
			isa = PBXGroup;
			children = (
				8C9305362844BFF900AE2023 /* RepositoryResponse */,
				8C6BDD91283F83A800A96ED4 /* MyError.swift */,
				8C81414D283FD8B800E7AB43 /* User.swift */,
				8C81416228411E8200E7AB43 /* Project.swift */,
			);
			path = Models;
			sourceTree = "<group>";
		};
		8C6BDD96283F898A00A96ED4 /* Extensions */ = {
			isa = PBXGroup;
			children = (
				8C6BDD97283F89A600A96ED4 /* UIViewController+Extension.swift */,
				8C8141602840E18100E7AB43 /* UIImageView+Extension.swift */,
			);
			path = Extensions;
			sourceTree = "<group>";
		};
		8C81413C283FA58E00E7AB43 /* Profile */ = {
			isa = PBXGroup;
			children = (
				8C8141572840CBA400E7AB43 /* UIComponents */,
				8C814143283FA5BC00E7AB43 /* ProfileFlowCoordinator.swift */,
				8C814142283FA5BC00E7AB43 /* ProfileConfigurator.swift */,
				8C9304E52843F48900AE2023 /* ProfileDataModel.swift */,
				8C814141283FA5BC00E7AB43 /* ProfileView.swift */,
				8C81413F283FA5BC00E7AB43 /* ProfileViewController.swift */,
				8C814140283FA5BC00E7AB43 /* ProfileInteractor.swift */,
				8C81413D283FA5BC00E7AB43 /* ProfilePresenter.swift */,
				8C81413E283FA5BC00E7AB43 /* ProfileRouter.swift */,
			);
			path = Profile;
			sourceTree = "<group>";
		};
		8C81414F283FDAF200E7AB43 /* Repositories */ = {
			isa = PBXGroup;
			children = (
				8C6BDD8E283F7D9100A96ED4 /* AuthenticationRepository.swift */,
				8C81417628416B6D00E7AB43 /* ProjectsRepository.swift */,
				8C814150283FDB0B00E7AB43 /* UserRepository.swift */,
			);
			path = Repositories;
			sourceTree = "<group>";
		};
		8C8141572840CBA400E7AB43 /* UIComponents */ = {
			isa = PBXGroup;
			children = (
				8C81415D2840D35C00E7AB43 /* TableHeader */,
				8C81415C2840D34D00E7AB43 /* SettingCell */,
			);
			path = UIComponents;
			sourceTree = "<group>";
		};
		8C81415C2840D34D00E7AB43 /* SettingCell */ = {
			isa = PBXGroup;
			children = (
				8C8141582840CBBE00E7AB43 /* ProfileSettingTableViewCell.swift */,
				8C8141592840CBBE00E7AB43 /* ProfileSettingTableViewCell.xib */,
			);
			path = SettingCell;
			sourceTree = "<group>";
		};
		8C81415D2840D35C00E7AB43 /* TableHeader */ = {
			isa = PBXGroup;
			children = (
				8C81415E2840D3D100E7AB43 /* ProfileTableViewHeader.swift */,
			);
			path = TableHeader;
			sourceTree = "<group>";
		};
		8C8141642841340000E7AB43 /* EditProject */ = {
			isa = PBXGroup;
			children = (
				8C81416B2841341900E7AB43 /* EditProjectFlowCoordinator.swift */,
				8C81416A2841341900E7AB43 /* EditProjectConfigurator.swift */,
				8C9304ED2843FB9A00AE2023 /* EditProjectDataModel.swift */,
				8C8141692841341900E7AB43 /* EditProjectView.swift */,
				8C8141672841341900E7AB43 /* EditProjectViewController.swift */,
				8C8141682841341900E7AB43 /* EditProjectInteractor.swift */,
				8C8141652841341900E7AB43 /* EditProjectPresenter.swift */,
				8C8141662841341900E7AB43 /* EditProjectRouter.swift */,
			);
			path = EditProject;
			sourceTree = "<group>";
		};
		8C814173284151D600E7AB43 /* CommonUI */ = {
			isa = PBXGroup;
			children = (
				8C8141522840B6D700E7AB43 /* ImagePickerManager.swift */,
				8C8141742841528C00E7AB43 /* TagsField.swift */,
			);
			path = CommonUI;
			sourceTree = "<group>";
		};
		8C9305232844BA2800AE2023 /* ConnectUnitTests */ = {
			isa = PBXGroup;
			children = (
				8C93052B2844BA4D00AE2023 /* CommonMocks */,
				8C93052C2844BA5400AE2023 /* SceneTests */,
			);
			path = ConnectUnitTests;
			sourceTree = "<group>";
		};
		8C93052B2844BA4D00AE2023 /* CommonMocks */ = {
			isa = PBXGroup;
			children = (
				8C93052E2844BB6A00AE2023 /* KeychainServiceMock.swift */,
				8C9305302844BB7800AE2023 /* AuthenticationRepositoryMock.swift */,
				8C9305322844BB8400AE2023 /* UserRepositoryMock.swift */,
				8C9305342844BC3900AE2023 /* DataMock.swift */,
			);
			path = CommonMocks;
			sourceTree = "<group>";
		};
		8C93052C2844BA5400AE2023 /* SceneTests */ = {
			isa = PBXGroup;
			children = (
				8C93052D2844BA6B00AE2023 /* Registration */,
			);
			path = SceneTests;
			sourceTree = "<group>";
		};
		8C93052D2844BA6B00AE2023 /* Registration */ = {
			isa = PBXGroup;
			children = (
				8C445E472855E9830023CF41 /* Mocks */,
				8C9305242844BA2800AE2023 /* RegistrationInteractorTests.swift */,
				8C445E482855E9A80023CF41 /* RegistrationPresenterTests.swift */,
			);
			path = Registration;
			sourceTree = "<group>";
		};
		8C9305362844BFF900AE2023 /* RepositoryResponse */ = {
			isa = PBXGroup;
			children = (
				8C9305372844C00E00AE2023 /* AuthenticationResponse.swift */,
			);
			path = RepositoryResponse;
			sourceTree = "<group>";
		};
/* End PBXGroup section */

/* Begin PBXNativeTarget section */
		8C6BDC2E283CE71F00A96ED4 /* Connect */ = {
			isa = PBXNativeTarget;
			buildConfigurationList = 8C6BDC59283CE72100A96ED4 /* Build configuration list for PBXNativeTarget "Connect" */;
			buildPhases = (
				EAAC8E5C9CC89CA08D6A4CAC /* [CP] Check Pods Manifest.lock */,
				8C6BDC2B283CE71F00A96ED4 /* Sources */,
				8C6BDC2C283CE71F00A96ED4 /* Frameworks */,
				8C6BDC2D283CE71F00A96ED4 /* Resources */,
				CB2CE3A09F24B3EA19650EFE /* [CP] Embed Pods Frameworks */,
			);
			buildRules = (
			);
			dependencies = (
			);
			name = Connect;
			productName = VIPPattern;
			productReference = 8C6BDC2F283CE71F00A96ED4 /* Connect.app */;
			productType = "com.apple.product-type.application";
		};
		8C9305212844BA2800AE2023 /* ConnectUnitTests */ = {
			isa = PBXNativeTarget;
			buildConfigurationList = 8C9305282844BA2800AE2023 /* Build configuration list for PBXNativeTarget "ConnectUnitTests" */;
			buildPhases = (
				2841DAD81FFA44F95469A559 /* [CP] Check Pods Manifest.lock */,
				8C93051E2844BA2800AE2023 /* Sources */,
				8C93051F2844BA2800AE2023 /* Frameworks */,
				8C9305202844BA2800AE2023 /* Resources */,
				FB4196A46EA345699CC16040 /* [CP] Embed Pods Frameworks */,
			);
			buildRules = (
			);
			dependencies = (
				8C9305272844BA2800AE2023 /* PBXTargetDependency */,
			);
			name = ConnectUnitTests;
			productName = ConnectUnitTests;
			productReference = 8C9305222844BA2800AE2023 /* ConnectUnitTests.xctest */;
			productType = "com.apple.product-type.bundle.unit-test";
		};
/* End PBXNativeTarget section */

/* Begin PBXProject section */
		8C6BDC27283CE71F00A96ED4 /* Project object */ = {
			isa = PBXProject;
			attributes = {
				BuildIndependentTargetsInParallel = 1;
				LastSwiftUpdateCheck = 1330;
				LastUpgradeCheck = 1330;
				TargetAttributes = {
					8C6BDC2E283CE71F00A96ED4 = {
						CreatedOnToolsVersion = 13.3.1;
					};
					8C9305212844BA2800AE2023 = {
						CreatedOnToolsVersion = 13.3.1;
						TestTargetID = 8C6BDC2E283CE71F00A96ED4;
					};
				};
			};
			buildConfigurationList = 8C6BDC2A283CE71F00A96ED4 /* Build configuration list for PBXProject "Connect" */;
			compatibilityVersion = "Xcode 13.0";
			developmentRegion = en;
			hasScannedForEncodings = 0;
			knownRegions = (
				en,
				Base,
			);
			mainGroup = 8C6BDC26283CE71F00A96ED4;
			productRefGroup = 8C6BDC30283CE71F00A96ED4 /* Products */;
			projectDirPath = "";
			projectRoot = "";
			targets = (
				8C6BDC2E283CE71F00A96ED4 /* Connect */,
				8C9305212844BA2800AE2023 /* ConnectUnitTests */,
			);
		};
/* End PBXProject section */

/* Begin PBXResourcesBuildPhase section */
		8C6BDC2D283CE71F00A96ED4 /* Resources */ = {
			isa = PBXResourcesBuildPhase;
			buildActionMask = 2147483647;
			files = (
				8C6BDC3F283CE72100A96ED4 /* LaunchScreen.storyboard in Resources */,
				8C6BDD8D283F7B9D00A96ED4 /* GoogleService-Info.plist in Resources */,
				8C6BDD8B283E246900A96ED4 /* HomeTableViewCell.xib in Resources */,
				8C6BDC3C283CE72100A96ED4 /* Assets.xcassets in Resources */,
				8C81415B2840CBBE00E7AB43 /* ProfileSettingTableViewCell.xib in Resources */,
			);
			runOnlyForDeploymentPostprocessing = 0;
		};
		8C9305202844BA2800AE2023 /* Resources */ = {
			isa = PBXResourcesBuildPhase;
			buildActionMask = 2147483647;
			files = (
			);
			runOnlyForDeploymentPostprocessing = 0;
		};
/* End PBXResourcesBuildPhase section */

/* Begin PBXShellScriptBuildPhase section */
		2841DAD81FFA44F95469A559 /* [CP] Check Pods Manifest.lock */ = {
			isa = PBXShellScriptBuildPhase;
			buildActionMask = 2147483647;
			files = (
			);
			inputFileListPaths = (
			);
			inputPaths = (
				"${PODS_PODFILE_DIR_PATH}/Podfile.lock",
				"${PODS_ROOT}/Manifest.lock",
			);
			name = "[CP] Check Pods Manifest.lock";
			outputFileListPaths = (
			);
			outputPaths = (
				"$(DERIVED_FILE_DIR)/Pods-ConnectUnitTests-checkManifestLockResult.txt",
			);
			runOnlyForDeploymentPostprocessing = 0;
			shellPath = /bin/sh;
			shellScript = "diff \"${PODS_PODFILE_DIR_PATH}/Podfile.lock\" \"${PODS_ROOT}/Manifest.lock\" > /dev/null\nif [ $? != 0 ] ; then\n    # print error to STDERR\n    echo \"error: The sandbox is not in sync with the Podfile.lock. Run 'pod install' or update your CocoaPods installation.\" >&2\n    exit 1\nfi\n# This output is used by Xcode 'outputs' to avoid re-running this script phase.\necho \"SUCCESS\" > \"${SCRIPT_OUTPUT_FILE_0}\"\n";
			showEnvVarsInLog = 0;
		};
		CB2CE3A09F24B3EA19650EFE /* [CP] Embed Pods Frameworks */ = {
			isa = PBXShellScriptBuildPhase;
			buildActionMask = 2147483647;
			files = (
			);
			inputFileListPaths = (
				"${PODS_ROOT}/Target Support Files/Pods-Connect/Pods-Connect-frameworks-${CONFIGURATION}-input-files.xcfilelist",
			);
			name = "[CP] Embed Pods Frameworks";
			outputFileListPaths = (
				"${PODS_ROOT}/Target Support Files/Pods-Connect/Pods-Connect-frameworks-${CONFIGURATION}-output-files.xcfilelist",
			);
			runOnlyForDeploymentPostprocessing = 0;
			shellPath = /bin/sh;
			shellScript = "\"${PODS_ROOT}/Target Support Files/Pods-Connect/Pods-Connect-frameworks.sh\"\n";
			showEnvVarsInLog = 0;
		};
		EAAC8E5C9CC89CA08D6A4CAC /* [CP] Check Pods Manifest.lock */ = {
			isa = PBXShellScriptBuildPhase;
			buildActionMask = 2147483647;
			files = (
			);
			inputFileListPaths = (
			);
			inputPaths = (
				"${PODS_PODFILE_DIR_PATH}/Podfile.lock",
				"${PODS_ROOT}/Manifest.lock",
			);
			name = "[CP] Check Pods Manifest.lock";
			outputFileListPaths = (
			);
			outputPaths = (
				"$(DERIVED_FILE_DIR)/Pods-Connect-checkManifestLockResult.txt",
			);
			runOnlyForDeploymentPostprocessing = 0;
			shellPath = /bin/sh;
			shellScript = "diff \"${PODS_PODFILE_DIR_PATH}/Podfile.lock\" \"${PODS_ROOT}/Manifest.lock\" > /dev/null\nif [ $? != 0 ] ; then\n    # print error to STDERR\n    echo \"error: The sandbox is not in sync with the Podfile.lock. Run 'pod install' or update your CocoaPods installation.\" >&2\n    exit 1\nfi\n# This output is used by Xcode 'outputs' to avoid re-running this script phase.\necho \"SUCCESS\" > \"${SCRIPT_OUTPUT_FILE_0}\"\n";
			showEnvVarsInLog = 0;
		};
		FB4196A46EA345699CC16040 /* [CP] Embed Pods Frameworks */ = {
			isa = PBXShellScriptBuildPhase;
			buildActionMask = 2147483647;
			files = (
			);
			inputFileListPaths = (
				"${PODS_ROOT}/Target Support Files/Pods-ConnectUnitTests/Pods-ConnectUnitTests-frameworks-${CONFIGURATION}-input-files.xcfilelist",
			);
			name = "[CP] Embed Pods Frameworks";
			outputFileListPaths = (
				"${PODS_ROOT}/Target Support Files/Pods-ConnectUnitTests/Pods-ConnectUnitTests-frameworks-${CONFIGURATION}-output-files.xcfilelist",
			);
			runOnlyForDeploymentPostprocessing = 0;
			shellPath = /bin/sh;
			shellScript = "\"${PODS_ROOT}/Target Support Files/Pods-ConnectUnitTests/Pods-ConnectUnitTests-frameworks.sh\"\n";
			showEnvVarsInLog = 0;
		};
/* End PBXShellScriptBuildPhase section */

/* Begin PBXSourcesBuildPhase section */
		8C6BDC2B283CE71F00A96ED4 /* Sources */ = {
			isa = PBXSourcesBuildPhase;
			buildActionMask = 2147483647;
			files = (
				8C9304EC2843FB6700AE2023 /* ConversationsDataModel.swift in Sources */,
				8C6BDC7B283D2F3100A96ED4 /* Dependencies.swift in Sources */,
				8C6BDD92283F83A800A96ED4 /* MyError.swift in Sources */,
				8C6BDD72283E019500A96ED4 /* MyProjectsRouter.swift in Sources */,
				8C6BDD64283DFB6800A96ED4 /* HomeViewController.swift in Sources */,
				8C6BDC8C283D53CC00A96ED4 /* RegistrationPresenter.swift in Sources */,
				8C81414C283FD4C000E7AB43 /* FirestoreService.swift in Sources */,
				8C6BDD67283DFB6800A96ED4 /* HomeConfigurator.swift in Sources */,
				8C9305382844C00E00AE2023 /* AuthenticationResponse.swift in Sources */,
				8C6BDD62283DFB6800A96ED4 /* HomePresenter.swift in Sources */,
				8C6BDD68283DFB6800A96ED4 /* HomeFlowCoordinator.swift in Sources */,
				8C6BDD58283DF9E700A96ED4 /* TabBarConfigurator.swift in Sources */,
				8C8141532840B6D700E7AB43 /* ImagePickerManager.swift in Sources */,
				8C6BDC73283CF24A00A96ED4 /* LoginPresenter.swift in Sources */,
				8C9304E42843F03500AE2023 /* RegistrationDataModel.swift in Sources */,
				8C9304E22843EC2700AE2023 /* LoginDataModel.swift in Sources */,
				8C6BDD76283E019500A96ED4 /* MyProjectsConfigurator.swift in Sources */,
				8C6BDD84283E031E00A96ED4 /* ConversationsView.swift in Sources */,
				8C8141712841341900E7AB43 /* EditProjectConfigurator.swift in Sources */,
				8C9304E62843F48900AE2023 /* ProfileDataModel.swift in Sources */,
				8C8141612840E18100E7AB43 /* UIImageView+Extension.swift in Sources */,
				8C6BDD74283E019500A96ED4 /* MyProjectsInteractor.swift in Sources */,
				8C9304E82843FABD00AE2023 /* HomeDataModel.swift in Sources */,
				8C6BDC6F283CF23600A96ED4 /* LoginConfigurator.swift in Sources */,
				8C6BDD73283E019500A96ED4 /* MyProjectsViewController.swift in Sources */,
				8C81416328411E8200E7AB43 /* Project.swift in Sources */,
				8C81415A2840CBBE00E7AB43 /* ProfileSettingTableViewCell.swift in Sources */,
				8C6BDC75283CF25000A96ED4 /* LoginRouter.swift in Sources */,
				8C81415F2840D3D100E7AB43 /* ProfileTableViewHeader.swift in Sources */,
				8C81416E2841341900E7AB43 /* EditProjectViewController.swift in Sources */,
				8C81416C2841341900E7AB43 /* EditProjectPresenter.swift in Sources */,
				8C6BDC89283D53C200A96ED4 /* RegistrationFlowCoordinator.swift in Sources */,
				8C6BDC6A283CEB1400A96ED4 /* FlowCoordinator.swift in Sources */,
				8C6BDD83283E031E00A96ED4 /* ConversationsInteractor.swift in Sources */,
				8C6BDC71283CF24000A96ED4 /* LoginInteractor.swift in Sources */,
				8C8141702841341900E7AB43 /* EditProjectView.swift in Sources */,
				8C6BDC8B283D53CA00A96ED4 /* RegistrationInteractor.swift in Sources */,
				8C6BDD85283E031E00A96ED4 /* ConversationsConfigurator.swift in Sources */,
				8C6BDD81283E031E00A96ED4 /* ConversationsRouter.swift in Sources */,
				8C6BDD54283DF9E700A96ED4 /* TabBarRouter.swift in Sources */,
				8C81414E283FD8B800E7AB43 /* User.swift in Sources */,
				8C6BDD59283DF9E700A96ED4 /* TabBarFlowCoordinator.swift in Sources */,
				8C6BDD77283E019500A96ED4 /* MyProjectsFlowCoordinator.swift in Sources */,
				8C6BDC8A283D53C700A96ED4 /* RegistrationConfigurator.swift in Sources */,
				8C8141752841528C00E7AB43 /* TagsField.swift in Sources */,
				8C6BDC8D283D53D000A96ED4 /* RegistrationRouter.swift in Sources */,
				8C6BDD65283DFB6800A96ED4 /* HomeInteractor.swift in Sources */,
				8C8141722841341900E7AB43 /* EditProjectFlowCoordinator.swift in Sources */,
				8C6BDC68283CE99100A96ED4 /* AppFlowCoordinator.swift in Sources */,
				8C6BDD80283E031E00A96ED4 /* ConversationsPresenter.swift in Sources */,
				8C6BDD63283DFB6800A96ED4 /* HomeRouter.swift in Sources */,
				8C814146283FA5BC00E7AB43 /* ProfileViewController.swift in Sources */,
				8C6BDC7D283D31B600A96ED4 /* KeychainService.swift in Sources */,
				8C6BDD82283E031E00A96ED4 /* ConversationsViewController.swift in Sources */,
				8C6BDD86283E031E00A96ED4 /* ConversationsFlowCoordinator.swift in Sources */,
				8C814151283FDB0B00E7AB43 /* UserRepository.swift in Sources */,
				8C6BDD75283E019500A96ED4 /* MyProjectsView.swift in Sources */,
				8C6BDC33283CE71F00A96ED4 /* AppDelegate.swift in Sources */,
				8C9304EA2843FB3600AE2023 /* MyProjectsDataModel.swift in Sources */,
				8C6BDD71283E019500A96ED4 /* MyProjectsPresenter.swift in Sources */,
				8C6BDD98283F89A600A96ED4 /* UIViewController+Extension.swift in Sources */,
				8C9304EE2843FB9A00AE2023 /* EditProjectDataModel.swift in Sources */,
				8C81416F2841341900E7AB43 /* EditProjectInteractor.swift in Sources */,
				8C81417728416B6D00E7AB43 /* ProjectsRepository.swift in Sources */,
				8C814149283FA5BC00E7AB43 /* ProfileConfigurator.swift in Sources */,
				8C6BDD55283DF9E700A96ED4 /* TabBarViewController.swift in Sources */,
				8C814145283FA5BC00E7AB43 /* ProfileRouter.swift in Sources */,
				8C814148283FA5BC00E7AB43 /* ProfileView.swift in Sources */,
				8C6BDD8A283E246900A96ED4 /* HomeTableViewCell.swift in Sources */,
				8C6BDD8F283F7D9100A96ED4 /* AuthenticationRepository.swift in Sources */,
				8C6BDC6C283CEDB100A96ED4 /* MainFlowCoordinator.swift in Sources */,
				8C6BDC7F283D34B500A96ED4 /* LoginFlowCoordinator.swift in Sources */,
				8C814144283FA5BC00E7AB43 /* ProfilePresenter.swift in Sources */,
				8C81414A283FA5BC00E7AB43 /* ProfileFlowCoordinator.swift in Sources */,
				8C81416D2841341900E7AB43 /* EditProjectRouter.swift in Sources */,
				8C6BDD66283DFB6800A96ED4 /* HomeView.swift in Sources */,
				8C6BDC77283CF26A00A96ED4 /* LoginView.swift in Sources */,
				8C6BDC35283CE71F00A96ED4 /* SceneDelegate.swift in Sources */,
				8C6BDC8F283D53D500A96ED4 /* RegistrationViewController.swift in Sources */,
				8C6BDC79283CF27400A96ED4 /* LoginViewController.swift in Sources */,
				8C814147283FA5BC00E7AB43 /* ProfileInteractor.swift in Sources */,
				8C6BDC8E283D53D200A96ED4 /* RegistrationView.swift in Sources */,
			);
			runOnlyForDeploymentPostprocessing = 0;
		};
		8C93051E2844BA2800AE2023 /* Sources */ = {
			isa = PBXSourcesBuildPhase;
			buildActionMask = 2147483647;
			files = (
				8C445E4B2855EA280023CF41 /* RegistrationViewControllerMock.swift in Sources */,
				8C9305332844BB8400AE2023 /* UserRepositoryMock.swift in Sources */,
				8C9305252844BA2800AE2023 /* RegistrationInteractorTests.swift in Sources */,
				8C445E492855E9A80023CF41 /* RegistrationPresenterTests.swift in Sources */,
				8C93052F2844BB6A00AE2023 /* KeychainServiceMock.swift in Sources */,
				8C9305312844BB7800AE2023 /* AuthenticationRepositoryMock.swift in Sources */,
				8C93053A2844C25A00AE2023 /* RegistrationDataModelMock.swift in Sources */,
				8C930558284A927200AE2023 /* RegistrationPresenterMock.swift in Sources */,
				8C9305352844BC3900AE2023 /* DataMock.swift in Sources */,
			);
			runOnlyForDeploymentPostprocessing = 0;
		};
/* End PBXSourcesBuildPhase section */

/* Begin PBXTargetDependency section */
		8C9305272844BA2800AE2023 /* PBXTargetDependency */ = {
			isa = PBXTargetDependency;
			target = 8C6BDC2E283CE71F00A96ED4 /* Connect */;
			targetProxy = 8C9305262844BA2800AE2023 /* PBXContainerItemProxy */;
		};
/* End PBXTargetDependency section */

/* Begin PBXVariantGroup section */
		8C6BDC3D283CE72100A96ED4 /* LaunchScreen.storyboard */ = {
			isa = PBXVariantGroup;
			children = (
				8C6BDC3E283CE72100A96ED4 /* Base */,
			);
			name = LaunchScreen.storyboard;
			sourceTree = "<group>";
		};
/* End PBXVariantGroup section */

/* Begin XCBuildConfiguration section */
		8C6BDC57283CE72100A96ED4 /* Debug */ = {
			isa = XCBuildConfiguration;
			buildSettings = {
				ALWAYS_SEARCH_USER_PATHS = NO;
				CLANG_ANALYZER_NONNULL = YES;
				CLANG_ANALYZER_NUMBER_OBJECT_CONVERSION = YES_AGGRESSIVE;
				CLANG_CXX_LANGUAGE_STANDARD = "gnu++17";
				CLANG_ENABLE_MODULES = YES;
				CLANG_ENABLE_OBJC_ARC = YES;
				CLANG_ENABLE_OBJC_WEAK = YES;
				CLANG_WARN_BLOCK_CAPTURE_AUTORELEASING = YES;
				CLANG_WARN_BOOL_CONVERSION = YES;
				CLANG_WARN_COMMA = YES;
				CLANG_WARN_CONSTANT_CONVERSION = YES;
				CLANG_WARN_DEPRECATED_OBJC_IMPLEMENTATIONS = YES;
				CLANG_WARN_DIRECT_OBJC_ISA_USAGE = YES_ERROR;
				CLANG_WARN_DOCUMENTATION_COMMENTS = YES;
				CLANG_WARN_EMPTY_BODY = YES;
				CLANG_WARN_ENUM_CONVERSION = YES;
				CLANG_WARN_INFINITE_RECURSION = YES;
				CLANG_WARN_INT_CONVERSION = YES;
				CLANG_WARN_NON_LITERAL_NULL_CONVERSION = YES;
				CLANG_WARN_OBJC_IMPLICIT_RETAIN_SELF = YES;
				CLANG_WARN_OBJC_LITERAL_CONVERSION = YES;
				CLANG_WARN_OBJC_ROOT_CLASS = YES_ERROR;
				CLANG_WARN_QUOTED_INCLUDE_IN_FRAMEWORK_HEADER = YES;
				CLANG_WARN_RANGE_LOOP_ANALYSIS = YES;
				CLANG_WARN_STRICT_PROTOTYPES = YES;
				CLANG_WARN_SUSPICIOUS_MOVE = YES;
				CLANG_WARN_UNGUARDED_AVAILABILITY = YES_AGGRESSIVE;
				CLANG_WARN_UNREACHABLE_CODE = YES;
				CLANG_WARN__DUPLICATE_METHOD_MATCH = YES;
				COPY_PHASE_STRIP = NO;
				DEBUG_INFORMATION_FORMAT = dwarf;
				ENABLE_STRICT_OBJC_MSGSEND = YES;
				ENABLE_TESTABILITY = YES;
				GCC_C_LANGUAGE_STANDARD = gnu11;
				GCC_DYNAMIC_NO_PIC = NO;
				GCC_NO_COMMON_BLOCKS = YES;
				GCC_OPTIMIZATION_LEVEL = 0;
				GCC_PREPROCESSOR_DEFINITIONS = (
					"DEBUG=1",
					"$(inherited)",
				);
				GCC_WARN_64_TO_32_BIT_CONVERSION = YES;
				GCC_WARN_ABOUT_RETURN_TYPE = YES_ERROR;
				GCC_WARN_UNDECLARED_SELECTOR = YES;
				GCC_WARN_UNINITIALIZED_AUTOS = YES_AGGRESSIVE;
				GCC_WARN_UNUSED_FUNCTION = YES;
				GCC_WARN_UNUSED_VARIABLE = YES;
				IPHONEOS_DEPLOYMENT_TARGET = 14.0;
				MTL_ENABLE_DEBUG_INFO = INCLUDE_SOURCE;
				MTL_FAST_MATH = YES;
				ONLY_ACTIVE_ARCH = YES;
				SDKROOT = iphoneos;
				SWIFT_ACTIVE_COMPILATION_CONDITIONS = DEBUG;
				SWIFT_OPTIMIZATION_LEVEL = "-Onone";
			};
			name = Debug;
		};
		8C6BDC58283CE72100A96ED4 /* Release */ = {
			isa = XCBuildConfiguration;
			buildSettings = {
				ALWAYS_SEARCH_USER_PATHS = NO;
				CLANG_ANALYZER_NONNULL = YES;
				CLANG_ANALYZER_NUMBER_OBJECT_CONVERSION = YES_AGGRESSIVE;
				CLANG_CXX_LANGUAGE_STANDARD = "gnu++17";
				CLANG_ENABLE_MODULES = YES;
				CLANG_ENABLE_OBJC_ARC = YES;
				CLANG_ENABLE_OBJC_WEAK = YES;
				CLANG_WARN_BLOCK_CAPTURE_AUTORELEASING = YES;
				CLANG_WARN_BOOL_CONVERSION = YES;
				CLANG_WARN_COMMA = YES;
				CLANG_WARN_CONSTANT_CONVERSION = YES;
				CLANG_WARN_DEPRECATED_OBJC_IMPLEMENTATIONS = YES;
				CLANG_WARN_DIRECT_OBJC_ISA_USAGE = YES_ERROR;
				CLANG_WARN_DOCUMENTATION_COMMENTS = YES;
				CLANG_WARN_EMPTY_BODY = YES;
				CLANG_WARN_ENUM_CONVERSION = YES;
				CLANG_WARN_INFINITE_RECURSION = YES;
				CLANG_WARN_INT_CONVERSION = YES;
				CLANG_WARN_NON_LITERAL_NULL_CONVERSION = YES;
				CLANG_WARN_OBJC_IMPLICIT_RETAIN_SELF = YES;
				CLANG_WARN_OBJC_LITERAL_CONVERSION = YES;
				CLANG_WARN_OBJC_ROOT_CLASS = YES_ERROR;
				CLANG_WARN_QUOTED_INCLUDE_IN_FRAMEWORK_HEADER = YES;
				CLANG_WARN_RANGE_LOOP_ANALYSIS = YES;
				CLANG_WARN_STRICT_PROTOTYPES = YES;
				CLANG_WARN_SUSPICIOUS_MOVE = YES;
				CLANG_WARN_UNGUARDED_AVAILABILITY = YES_AGGRESSIVE;
				CLANG_WARN_UNREACHABLE_CODE = YES;
				CLANG_WARN__DUPLICATE_METHOD_MATCH = YES;
				COPY_PHASE_STRIP = NO;
				DEBUG_INFORMATION_FORMAT = "dwarf-with-dsym";
				ENABLE_NS_ASSERTIONS = NO;
				ENABLE_STRICT_OBJC_MSGSEND = YES;
				GCC_C_LANGUAGE_STANDARD = gnu11;
				GCC_NO_COMMON_BLOCKS = YES;
				GCC_WARN_64_TO_32_BIT_CONVERSION = YES;
				GCC_WARN_ABOUT_RETURN_TYPE = YES_ERROR;
				GCC_WARN_UNDECLARED_SELECTOR = YES;
				GCC_WARN_UNINITIALIZED_AUTOS = YES_AGGRESSIVE;
				GCC_WARN_UNUSED_FUNCTION = YES;
				GCC_WARN_UNUSED_VARIABLE = YES;
				IPHONEOS_DEPLOYMENT_TARGET = 14.0;
				MTL_ENABLE_DEBUG_INFO = NO;
				MTL_FAST_MATH = YES;
				SDKROOT = iphoneos;
				SWIFT_COMPILATION_MODE = wholemodule;
				SWIFT_OPTIMIZATION_LEVEL = "-O";
				VALIDATE_PRODUCT = YES;
			};
			name = Release;
		};
		8C6BDC5A283CE72100A96ED4 /* Debug */ = {
			isa = XCBuildConfiguration;
			baseConfigurationReference = B9FE5F64275D1C84F3B6C1B6 /* Pods-Connect.debug.xcconfig */;
			buildSettings = {
				ASSETCATALOG_COMPILER_APPICON_NAME = AppIcon;
				ASSETCATALOG_COMPILER_GLOBAL_ACCENT_COLOR_NAME = AccentColor;
				CODE_SIGN_STYLE = Automatic;
				CURRENT_PROJECT_VERSION = 1;
				DEVELOPMENT_TEAM = P675Y7Z4V8;
				GENERATE_INFOPLIST_FILE = YES;
				INFOPLIST_FILE = Connect/SupportingFiles/Info.plist;
				INFOPLIST_KEY_UIApplicationSupportsIndirectInputEvents = YES;
				INFOPLIST_KEY_UILaunchStoryboardName = LaunchScreen;
				INFOPLIST_KEY_UISupportedInterfaceOrientations_iPad = "UIInterfaceOrientationPortrait UIInterfaceOrientationPortraitUpsideDown UIInterfaceOrientationLandscapeLeft UIInterfaceOrientationLandscapeRight";
				INFOPLIST_KEY_UISupportedInterfaceOrientations_iPhone = "UIInterfaceOrientationPortrait UIInterfaceOrientationLandscapeLeft UIInterfaceOrientationLandscapeRight";
				IPHONEOS_DEPLOYMENT_TARGET = 14.0;
				LD_RUNPATH_SEARCH_PATHS = (
					"$(inherited)",
					"@executable_path/Frameworks",
				);
				MARKETING_VERSION = 1.0;
				PRODUCT_BUNDLE_IDENTIFIER = dmartan.Connect;
				PRODUCT_NAME = "$(TARGET_NAME)";
				SWIFT_EMIT_LOC_STRINGS = YES;
				SWIFT_VERSION = 5.0;
				TARGETED_DEVICE_FAMILY = "1,2";
			};
			name = Debug;
		};
		8C6BDC5B283CE72100A96ED4 /* Release */ = {
			isa = XCBuildConfiguration;
			baseConfigurationReference = 8546B102C62A6D9119A8464D /* Pods-Connect.release.xcconfig */;
			buildSettings = {
				ASSETCATALOG_COMPILER_APPICON_NAME = AppIcon;
				ASSETCATALOG_COMPILER_GLOBAL_ACCENT_COLOR_NAME = AccentColor;
				CODE_SIGN_STYLE = Automatic;
				CURRENT_PROJECT_VERSION = 1;
				DEVELOPMENT_TEAM = P675Y7Z4V8;
				GENERATE_INFOPLIST_FILE = YES;
				INFOPLIST_FILE = Connect/SupportingFiles/Info.plist;
				INFOPLIST_KEY_UIApplicationSupportsIndirectInputEvents = YES;
				INFOPLIST_KEY_UILaunchStoryboardName = LaunchScreen;
				INFOPLIST_KEY_UISupportedInterfaceOrientations_iPad = "UIInterfaceOrientationPortrait UIInterfaceOrientationPortraitUpsideDown UIInterfaceOrientationLandscapeLeft UIInterfaceOrientationLandscapeRight";
				INFOPLIST_KEY_UISupportedInterfaceOrientations_iPhone = "UIInterfaceOrientationPortrait UIInterfaceOrientationLandscapeLeft UIInterfaceOrientationLandscapeRight";
				IPHONEOS_DEPLOYMENT_TARGET = 14.0;
				LD_RUNPATH_SEARCH_PATHS = (
					"$(inherited)",
					"@executable_path/Frameworks",
				);
				MARKETING_VERSION = 1.0;
				PRODUCT_BUNDLE_IDENTIFIER = dmartan.Connect;
				PRODUCT_NAME = "$(TARGET_NAME)";
				SWIFT_EMIT_LOC_STRINGS = YES;
				SWIFT_VERSION = 5.0;
				TARGETED_DEVICE_FAMILY = "1,2";
			};
			name = Release;
		};
		8C9305292844BA2800AE2023 /* Debug */ = {
			isa = XCBuildConfiguration;
			baseConfigurationReference = 5D58C673AF76DED229A4C446 /* Pods-ConnectUnitTests.debug.xcconfig */;
			buildSettings = {
				BUNDLE_LOADER = "$(TEST_HOST)";
				CODE_SIGN_STYLE = Automatic;
				CURRENT_PROJECT_VERSION = 1;
				DEVELOPMENT_TEAM = P675Y7Z4V8;
				GENERATE_INFOPLIST_FILE = YES;
				IPHONEOS_DEPLOYMENT_TARGET = 15.4;
				MARKETING_VERSION = 1.0;
				PRODUCT_BUNDLE_IDENTIFIER = dMartan.ConnectUnitTests;
				PRODUCT_NAME = "$(TARGET_NAME)";
				SWIFT_EMIT_LOC_STRINGS = NO;
				SWIFT_VERSION = 5.0;
				TARGETED_DEVICE_FAMILY = "1,2";
				TEST_HOST = "$(BUILT_PRODUCTS_DIR)/Connect.app/Connect";
			};
			name = Debug;
		};
		8C93052A2844BA2800AE2023 /* Release */ = {
			isa = XCBuildConfiguration;
			baseConfigurationReference = B298B1CB25B22484C2D14623 /* Pods-ConnectUnitTests.release.xcconfig */;
			buildSettings = {
				BUNDLE_LOADER = "$(TEST_HOST)";
				CODE_SIGN_STYLE = Automatic;
				CURRENT_PROJECT_VERSION = 1;
				DEVELOPMENT_TEAM = P675Y7Z4V8;
				GENERATE_INFOPLIST_FILE = YES;
				IPHONEOS_DEPLOYMENT_TARGET = 15.4;
				MARKETING_VERSION = 1.0;
				PRODUCT_BUNDLE_IDENTIFIER = dMartan.ConnectUnitTests;
				PRODUCT_NAME = "$(TARGET_NAME)";
				SWIFT_EMIT_LOC_STRINGS = NO;
				SWIFT_VERSION = 5.0;
				TARGETED_DEVICE_FAMILY = "1,2";
				TEST_HOST = "$(BUILT_PRODUCTS_DIR)/Connect.app/Connect";
			};
			name = Release;
		};
/* End XCBuildConfiguration section */

/* Begin XCConfigurationList section */
		8C6BDC2A283CE71F00A96ED4 /* Build configuration list for PBXProject "Connect" */ = {
			isa = XCConfigurationList;
			buildConfigurations = (
				8C6BDC57283CE72100A96ED4 /* Debug */,
				8C6BDC58283CE72100A96ED4 /* Release */,
			);
			defaultConfigurationIsVisible = 0;
			defaultConfigurationName = Release;
		};
		8C6BDC59283CE72100A96ED4 /* Build configuration list for PBXNativeTarget "Connect" */ = {
			isa = XCConfigurationList;
			buildConfigurations = (
				8C6BDC5A283CE72100A96ED4 /* Debug */,
				8C6BDC5B283CE72100A96ED4 /* Release */,
			);
			defaultConfigurationIsVisible = 0;
			defaultConfigurationName = Release;
		};
		8C9305282844BA2800AE2023 /* Build configuration list for PBXNativeTarget "ConnectUnitTests" */ = {
			isa = XCConfigurationList;
			buildConfigurations = (
				8C9305292844BA2800AE2023 /* Debug */,
				8C93052A2844BA2800AE2023 /* Release */,
			);
			defaultConfigurationIsVisible = 0;
			defaultConfigurationName = Release;
		};
/* End XCConfigurationList section */
	};
	rootObject = 8C6BDC27283CE71F00A96ED4 /* Project object */;
}
